// !$*UTF8*$!
{
	archiveVersion = 1;
	classes = {
	};
	objectVersion = 46;
	objects = {

/* Begin PBXBuildFile section */
		1959622E1ECBF1FC00962133 /* main.m in Sources */ = {isa = PBXBuildFile; fileRef = 1959622D1ECBF1FC00962133 /* main.m */; };
		195962311ECBF1FC00962133 /* AppDelegate.m in Sources */ = {isa = PBXBuildFile; fileRef = 195962301ECBF1FC00962133 /* AppDelegate.m */; };
		195962341ECBF1FC00962133 /* ViewController.m in Sources */ = {isa = PBXBuildFile; fileRef = 195962331ECBF1FC00962133 /* ViewController.m */; };
		195962371ECBF1FC00962133 /* Main.storyboard in Resources */ = {isa = PBXBuildFile; fileRef = 195962351ECBF1FC00962133 /* Main.storyboard */; };
		195962391ECBF1FC00962133 /* Assets.xcassets in Resources */ = {isa = PBXBuildFile; fileRef = 195962381ECBF1FC00962133 /* Assets.xcassets */; };
		1959623C1ECBF1FC00962133 /* LaunchScreen.storyboard in Resources */ = {isa = PBXBuildFile; fileRef = 1959623A1ECBF1FC00962133 /* LaunchScreen.storyboard */; };
		195962471ECBF1FC00962133 /* EasyCommisionTests.m in Sources */ = {isa = PBXBuildFile; fileRef = 195962461ECBF1FC00962133 /* EasyCommisionTests.m */; };
		195962521ECBF1FC00962133 /* EasyCommisionUITests.m in Sources */ = {isa = PBXBuildFile; fileRef = 195962511ECBF1FC00962133 /* EasyCommisionUITests.m */; };
		1959626D1ECBF67E00962133 /* NSObject+AnalyticalModel.m in Sources */ = {isa = PBXBuildFile; fileRef = 1959626C1ECBF67E00962133 /* NSObject+AnalyticalModel.m */; };
		195962721ECBF6BA00962133 /* ZYHTTPRequest.m in Sources */ = {isa = PBXBuildFile; fileRef = 195962711ECBF6BA00962133 /* ZYHTTPRequest.m */; };
		195962931ECBF96500962133 /* BaseTabBarViewController.m in Sources */ = {isa = PBXBuildFile; fileRef = 1959627C1ECBF96500962133 /* BaseTabBarViewController.m */; };
		195962941ECBF96500962133 /* HomeViewController.m in Sources */ = {isa = PBXBuildFile; fileRef = 195962801ECBF96500962133 /* HomeViewController.m */; };
		1959629D1ECBFA8600962133 /* MineViewController.m in Sources */ = {isa = PBXBuildFile; fileRef = 1959629C1ECBFA8600962133 /* MineViewController.m */; };
		195962A31ECC010600962133 /* UIColor+HEXString.m in Sources */ = {isa = PBXBuildFile; fileRef = 195962A21ECC010600962133 /* UIColor+HEXString.m */; };
		1959633C1ECC2F2F00962133 /* BaseNavigationViewController.m in Sources */ = {isa = PBXBuildFile; fileRef = 1959633B1ECC2F2F00962133 /* BaseNavigationViewController.m */; };
		195963461ECC3B3800962133 /* LoginViewController.m in Sources */ = {isa = PBXBuildFile; fileRef = 195963441ECC3B3800962133 /* LoginViewController.m */; };
		195963471ECC3B3800962133 /* LoginViewController.xib in Resources */ = {isa = PBXBuildFile; fileRef = 195963451ECC3B3800962133 /* LoginViewController.xib */; };
		195963961ECC4C8800962133 /* UIView+Extension.m in Sources */ = {isa = PBXBuildFile; fileRef = 195963951ECC4C8800962133 /* UIView+Extension.m */; };
		1959639A1ECC4CF500962133 /* UIButton+Rect.m in Sources */ = {isa = PBXBuildFile; fileRef = 195963991ECC4CF500962133 /* UIButton+Rect.m */; };
		1978C5611ED527A600C1ADFC /* HomeTypeCell.m in Sources */ = {isa = PBXBuildFile; fileRef = 1978C55F1ED527A600C1ADFC /* HomeTypeCell.m */; };
		1978C5621ED527A600C1ADFC /* HomeTypeCell.xib in Resources */ = {isa = PBXBuildFile; fileRef = 1978C5601ED527A600C1ADFC /* HomeTypeCell.xib */; };
		1978C5661ED527CB00C1ADFC /* HomeKnowledgeCell.m in Sources */ = {isa = PBXBuildFile; fileRef = 1978C5641ED527CB00C1ADFC /* HomeKnowledgeCell.m */; };
		1978C5671ED527CB00C1ADFC /* HomeKnowledgeCell.xib in Resources */ = {isa = PBXBuildFile; fileRef = 1978C5651ED527CB00C1ADFC /* HomeKnowledgeCell.xib */; };
		1978C58A1ED66A9700C1ADFC /* MKAnnotationView+WebCache.m in Sources */ = {isa = PBXBuildFile; fileRef = 1978C56A1ED66A9700C1ADFC /* MKAnnotationView+WebCache.m */; };
		1978C58B1ED66A9700C1ADFC /* NSData+ImageContentType.m in Sources */ = {isa = PBXBuildFile; fileRef = 1978C56C1ED66A9700C1ADFC /* NSData+ImageContentType.m */; };
		1978C58C1ED66A9700C1ADFC /* SDImageCache.m in Sources */ = {isa = PBXBuildFile; fileRef = 1978C56E1ED66A9700C1ADFC /* SDImageCache.m */; };
		1978C58D1ED66A9700C1ADFC /* SDWebImageCompat.m in Sources */ = {isa = PBXBuildFile; fileRef = 1978C5701ED66A9700C1ADFC /* SDWebImageCompat.m */; };
		1978C58E1ED66A9700C1ADFC /* SDWebImageDecoder.m in Sources */ = {isa = PBXBuildFile; fileRef = 1978C5721ED66A9700C1ADFC /* SDWebImageDecoder.m */; };
		1978C58F1ED66A9700C1ADFC /* SDWebImageDownloader.m in Sources */ = {isa = PBXBuildFile; fileRef = 1978C5741ED66A9700C1ADFC /* SDWebImageDownloader.m */; };
		1978C5901ED66A9700C1ADFC /* SDWebImageDownloaderOperation.m in Sources */ = {isa = PBXBuildFile; fileRef = 1978C5761ED66A9700C1ADFC /* SDWebImageDownloaderOperation.m */; };
		1978C5911ED66A9700C1ADFC /* SDWebImageManager.m in Sources */ = {isa = PBXBuildFile; fileRef = 1978C5781ED66A9700C1ADFC /* SDWebImageManager.m */; };
		1978C5921ED66A9700C1ADFC /* SDWebImagePrefetcher.m in Sources */ = {isa = PBXBuildFile; fileRef = 1978C57B1ED66A9700C1ADFC /* SDWebImagePrefetcher.m */; };
		1978C5931ED66A9700C1ADFC /* UIButton+WebCache.m in Sources */ = {isa = PBXBuildFile; fileRef = 1978C57D1ED66A9700C1ADFC /* UIButton+WebCache.m */; };
		1978C5941ED66A9700C1ADFC /* UIImage+GIF.m in Sources */ = {isa = PBXBuildFile; fileRef = 1978C57F1ED66A9700C1ADFC /* UIImage+GIF.m */; };
		1978C5951ED66A9700C1ADFC /* UIImage+MultiFormat.m in Sources */ = {isa = PBXBuildFile; fileRef = 1978C5811ED66A9700C1ADFC /* UIImage+MultiFormat.m */; };
		1978C5961ED66A9700C1ADFC /* UIImage+WebP.m in Sources */ = {isa = PBXBuildFile; fileRef = 1978C5831ED66A9700C1ADFC /* UIImage+WebP.m */; };
		1978C5971ED66A9700C1ADFC /* UIImageView+HighlightedWebCache.m in Sources */ = {isa = PBXBuildFile; fileRef = 1978C5851ED66A9700C1ADFC /* UIImageView+HighlightedWebCache.m */; };
		1978C5981ED66A9700C1ADFC /* UIImageView+WebCache.m in Sources */ = {isa = PBXBuildFile; fileRef = 1978C5871ED66A9700C1ADFC /* UIImageView+WebCache.m */; };
		1978C5991ED66A9700C1ADFC /* UIView+WebCacheOperation.m in Sources */ = {isa = PBXBuildFile; fileRef = 1978C5891ED66A9700C1ADFC /* UIView+WebCacheOperation.m */; };
		199E86E61ECD2C8A004D8A37 /* RegisterViewController.m in Sources */ = {isa = PBXBuildFile; fileRef = 199E86E41ECD2C8A004D8A37 /* RegisterViewController.m */; };
		199E86E71ECD2C8A004D8A37 /* RegisterViewController.xib in Resources */ = {isa = PBXBuildFile; fileRef = 199E86E51ECD2C8A004D8A37 /* RegisterViewController.xib */; };
		199E86EA1ECD3DB0004D8A37 /* RegisterSuccessView.m in Sources */ = {isa = PBXBuildFile; fileRef = 199E86E91ECD3DB0004D8A37 /* RegisterSuccessView.m */; };
		199E86EC1ECD3DBA004D8A37 /* RegisterSuccessView.xib in Resources */ = {isa = PBXBuildFile; fileRef = 199E86EB1ECD3DBA004D8A37 /* RegisterSuccessView.xib */; };
		199E86F01ECD74ED004D8A37 /* ForgetPWViewController.m in Sources */ = {isa = PBXBuildFile; fileRef = 199E86EE1ECD74ED004D8A37 /* ForgetPWViewController.m */; };
		199E86F11ECD74ED004D8A37 /* ForgetPWViewController.xib in Resources */ = {isa = PBXBuildFile; fileRef = 199E86EF1ECD74ED004D8A37 /* ForgetPWViewController.xib */; };
		199E86F51ECD7896004D8A37 /* ResetPWViewController.m in Sources */ = {isa = PBXBuildFile; fileRef = 199E86F31ECD7896004D8A37 /* ResetPWViewController.m */; };
		199E86F61ECD7896004D8A37 /* ResetPWViewController.xib in Resources */ = {isa = PBXBuildFile; fileRef = 199E86F41ECD7896004D8A37 /* ResetPWViewController.xib */; };
		199E86F91ECD799F004D8A37 /* ResetPWSuccessView.m in Sources */ = {isa = PBXBuildFile; fileRef = 199E86F81ECD799F004D8A37 /* ResetPWSuccessView.m */; };
		199E86FB1ECD79A9004D8A37 /* ResetPWSuccessView.xib in Resources */ = {isa = PBXBuildFile; fileRef = 199E86FA1ECD79A9004D8A37 /* ResetPWSuccessView.xib */; };
		199E86FF1ECD8569004D8A37 /* OrderPaySuccessViewController.m in Sources */ = {isa = PBXBuildFile; fileRef = 199E86FD1ECD8569004D8A37 /* OrderPaySuccessViewController.m */; };
		199E87001ECD8569004D8A37 /* OrderPaySuccessViewController.xib in Resources */ = {isa = PBXBuildFile; fileRef = 199E86FE1ECD8569004D8A37 /* OrderPaySuccessViewController.xib */; };
		199E87031ECD8875004D8A37 /* MyMessageViewController.m in Sources */ = {isa = PBXBuildFile; fileRef = 199E87021ECD8875004D8A37 /* MyMessageViewController.m */; };
		199E87071ECD8C12004D8A37 /* MyMessageCell.m in Sources */ = {isa = PBXBuildFile; fileRef = 199E87051ECD8C12004D8A37 /* MyMessageCell.m */; };
		199E87081ECD8C12004D8A37 /* MyMessageCell.xib in Resources */ = {isa = PBXBuildFile; fileRef = 199E87061ECD8C12004D8A37 /* MyMessageCell.xib */; };
		199E870B1ECDA3FF004D8A37 /* AddressListViewController.m in Sources */ = {isa = PBXBuildFile; fileRef = 199E870A1ECDA3FF004D8A37 /* AddressListViewController.m */; };
		19A2175A1ECFDB2000A5F7F8 /* ShopViewController.m in Sources */ = {isa = PBXBuildFile; fileRef = 19A217581ECFDB2000A5F7F8 /* ShopViewController.m */; };
		19A2175B1ECFDB2000A5F7F8 /* ShopViewController.xib in Resources */ = {isa = PBXBuildFile; fileRef = 19A217591ECFDB2000A5F7F8 /* ShopViewController.xib */; };
		19A2175F1ECFE21B00A5F7F8 /* ShopCell.m in Sources */ = {isa = PBXBuildFile; fileRef = 19A2175D1ECFE21B00A5F7F8 /* ShopCell.m */; };
		19A217601ECFE21B00A5F7F8 /* ShopCell.xib in Resources */ = {isa = PBXBuildFile; fileRef = 19A2175E1ECFE21B00A5F7F8 /* ShopCell.xib */; };
		19A217641ECFF0B600A5F7F8 /* ShopHeadView.m in Sources */ = {isa = PBXBuildFile; fileRef = 19A217621ECFF0B600A5F7F8 /* ShopHeadView.m */; };
		19A217651ECFF0B600A5F7F8 /* ShopHeadView.xib in Resources */ = {isa = PBXBuildFile; fileRef = 19A217631ECFF0B600A5F7F8 /* ShopHeadView.xib */; };
		19A217691ECFF54B00A5F7F8 /* LoopScrollView.m in Sources */ = {isa = PBXBuildFile; fileRef = 19A217681ECFF54B00A5F7F8 /* LoopScrollView.m */; };
		19A2176D1ED0262300A5F7F8 /* HourlyServantListViewController.m in Sources */ = {isa = PBXBuildFile; fileRef = 19A2176B1ED0262300A5F7F8 /* HourlyServantListViewController.m */; };
		19A2176E1ED0262300A5F7F8 /* HourlyServantListViewController.xib in Resources */ = {isa = PBXBuildFile; fileRef = 19A2176C1ED0262300A5F7F8 /* HourlyServantListViewController.xib */; };
		19A217721ED0267B00A5F7F8 /* MonthlyServentListViewController.m in Sources */ = {isa = PBXBuildFile; fileRef = 19A217701ED0267B00A5F7F8 /* MonthlyServentListViewController.m */; };
		19A217731ED0267B00A5F7F8 /* MonthlyServentListViewController.xib in Resources */ = {isa = PBXBuildFile; fileRef = 19A217711ED0267B00A5F7F8 /* MonthlyServentListViewController.xib */; };
		19A217771ED0286F00A5F7F8 /* hourlyServentCell.m in Sources */ = {isa = PBXBuildFile; fileRef = 19A217751ED0286F00A5F7F8 /* hourlyServentCell.m */; };
		19A217781ED0286F00A5F7F8 /* hourlyServentCell.xib in Resources */ = {isa = PBXBuildFile; fileRef = 19A217761ED0286F00A5F7F8 /* hourlyServentCell.xib */; };
		19A2177C1ED0309800A5F7F8 /* monthlyServentCell.m in Sources */ = {isa = PBXBuildFile; fileRef = 19A2177A1ED0309800A5F7F8 /* monthlyServentCell.m */; };
		19A2177D1ED0309800A5F7F8 /* monthlyServentCell.xib in Resources */ = {isa = PBXBuildFile; fileRef = 19A2177B1ED0309800A5F7F8 /* monthlyServentCell.xib */; };
		19A76EDE1ED682EC0034D78B /* HomeHeadCell.m in Sources */ = {isa = PBXBuildFile; fileRef = 19A76EDC1ED682EC0034D78B /* HomeHeadCell.m */; };
		19A76EDF1ED682EC0034D78B /* HomeHeadCell.xib in Resources */ = {isa = PBXBuildFile; fileRef = 19A76EDD1ED682EC0034D78B /* HomeHeadCell.xib */; };
		19C700921ED68AE600DF5826 /* HomeHeaderView.m in Sources */ = {isa = PBXBuildFile; fileRef = 19C700911ED68AE600DF5826 /* HomeHeaderView.m */; };
		19C700941ED68AF200DF5826 /* HomeHeaderFooterView.xib in Resources */ = {isa = PBXBuildFile; fileRef = 19C700931ED68AF200DF5826 /* HomeHeaderFooterView.xib */; };
		19CDFB431ECE943A00232F60 /* AddressCell.m in Sources */ = {isa = PBXBuildFile; fileRef = 19CDFB411ECE943A00232F60 /* AddressCell.m */; };
		19CDFB441ECE943A00232F60 /* AddressCell.xib in Resources */ = {isa = PBXBuildFile; fileRef = 19CDFB421ECE943A00232F60 /* AddressCell.xib */; };
		19D52C9F1ECEA0F00072EE00 /* MineHeadCell.m in Sources */ = {isa = PBXBuildFile; fileRef = 19D52C9D1ECEA0F00072EE00 /* MineHeadCell.m */; };
		19D52CA01ECEA0F00072EE00 /* MineHeadCell.xib in Resources */ = {isa = PBXBuildFile; fileRef = 19D52C9E1ECEA0F00072EE00 /* MineHeadCell.xib */; };
		19D52CA41ECEA1100072EE00 /* MineListCell.m in Sources */ = {isa = PBXBuildFile; fileRef = 19D52CA21ECEA1100072EE00 /* MineListCell.m */; };
		19D52CA51ECEA1100072EE00 /* MineListCell.xib in Resources */ = {isa = PBXBuildFile; fileRef = 19D52CA31ECEA1100072EE00 /* MineListCell.xib */; };
		19D52CA91ECED4040072EE00 /* OrderViewController.m in Sources */ = {isa = PBXBuildFile; fileRef = 19D52CA71ECED4040072EE00 /* OrderViewController.m */; };
		19D52CAA1ECED4040072EE00 /* OrderViewController.xib in Resources */ = {isa = PBXBuildFile; fileRef = 19D52CA81ECED4040072EE00 /* OrderViewController.xib */; };
		19D52CAE1ECEDB760072EE00 /* monthlyOrderCell.m in Sources */ = {isa = PBXBuildFile; fileRef = 19D52CAC1ECEDB760072EE00 /* monthlyOrderCell.m */; };
		19D52CAF1ECEDB760072EE00 /* monthlyOrderCell.xib in Resources */ = {isa = PBXBuildFile; fileRef = 19D52CAD1ECEDB760072EE00 /* monthlyOrderCell.xib */; };
		19D52CB31ECEDB8E0072EE00 /* hourlyOrderCell.m in Sources */ = {isa = PBXBuildFile; fileRef = 19D52CB11ECEDB8E0072EE00 /* hourlyOrderCell.m */; };
		19D52CB41ECEDB8E0072EE00 /* hourlyOrderCell.xib in Resources */ = {isa = PBXBuildFile; fileRef = 19D52CB21ECEDB8E0072EE00 /* hourlyOrderCell.xib */; };
		19D52CB81ECEDB9E0072EE00 /* shopOrderCell.m in Sources */ = {isa = PBXBuildFile; fileRef = 19D52CB61ECEDB9E0072EE00 /* shopOrderCell.m */; };
		19D52CB91ECEDB9E0072EE00 /* shopOrderCell.xib in Resources */ = {isa = PBXBuildFile; fileRef = 19D52CB71ECEDB9E0072EE00 /* shopOrderCell.xib */; };
		CF804D7C4F86C3808AB8BBAE /* libPods-EasyCommision.a in Frameworks */ = {isa = PBXBuildFile; fileRef = F8DC5FBC0E26E50858CB60ED /* libPods-EasyCommision.a */; };
/* End PBXBuildFile section */

/* Begin PBXContainerItemProxy section */
		195962431ECBF1FC00962133 /* PBXContainerItemProxy */ = {
			isa = PBXContainerItemProxy;
			containerPortal = 195962211ECBF1FC00962133 /* Project object */;
			proxyType = 1;
			remoteGlobalIDString = 195962281ECBF1FC00962133;
			remoteInfo = EasyCommision;
		};
		1959624E1ECBF1FC00962133 /* PBXContainerItemProxy */ = {
			isa = PBXContainerItemProxy;
			containerPortal = 195962211ECBF1FC00962133 /* Project object */;
			proxyType = 1;
			remoteGlobalIDString = 195962281ECBF1FC00962133;
			remoteInfo = EasyCommision;
		};
/* End PBXContainerItemProxy section */

/* Begin PBXFileReference section */
		07AA8D264A5953B39FA2798B /* Pods-EasyCommision.release.xcconfig */ = {isa = PBXFileReference; includeInIndex = 1; lastKnownFileType = text.xcconfig; name = "Pods-EasyCommision.release.xcconfig"; path = "Pods/Target Support Files/Pods-EasyCommision/Pods-EasyCommision.release.xcconfig"; sourceTree = "<group>"; };
		195962291ECBF1FC00962133 /* EasyCommision.app */ = {isa = PBXFileReference; explicitFileType = wrapper.application; includeInIndex = 0; path = EasyCommision.app; sourceTree = BUILT_PRODUCTS_DIR; };
		1959622D1ECBF1FC00962133 /* main.m */ = {isa = PBXFileReference; lastKnownFileType = sourcecode.c.objc; path = main.m; sourceTree = "<group>"; };
		1959622F1ECBF1FC00962133 /* AppDelegate.h */ = {isa = PBXFileReference; lastKnownFileType = sourcecode.c.h; path = AppDelegate.h; sourceTree = "<group>"; };
		195962301ECBF1FC00962133 /* AppDelegate.m */ = {isa = PBXFileReference; lastKnownFileType = sourcecode.c.objc; path = AppDelegate.m; sourceTree = "<group>"; };
		195962321ECBF1FC00962133 /* ViewController.h */ = {isa = PBXFileReference; lastKnownFileType = sourcecode.c.h; path = ViewController.h; sourceTree = "<group>"; };
		195962331ECBF1FC00962133 /* ViewController.m */ = {isa = PBXFileReference; lastKnownFileType = sourcecode.c.objc; path = ViewController.m; sourceTree = "<group>"; };
		195962361ECBF1FC00962133 /* Base */ = {isa = PBXFileReference; lastKnownFileType = file.storyboard; name = Base; path = Base.lproj/Main.storyboard; sourceTree = "<group>"; };
		195962381ECBF1FC00962133 /* Assets.xcassets */ = {isa = PBXFileReference; lastKnownFileType = folder.assetcatalog; path = Assets.xcassets; sourceTree = "<group>"; };
		1959623B1ECBF1FC00962133 /* Base */ = {isa = PBXFileReference; lastKnownFileType = file.storyboard; name = Base; path = Base.lproj/LaunchScreen.storyboard; sourceTree = "<group>"; };
		1959623D1ECBF1FC00962133 /* Info.plist */ = {isa = PBXFileReference; lastKnownFileType = text.plist.xml; path = Info.plist; sourceTree = "<group>"; };
		195962421ECBF1FC00962133 /* EasyCommisionTests.xctest */ = {isa = PBXFileReference; explicitFileType = wrapper.cfbundle; includeInIndex = 0; path = EasyCommisionTests.xctest; sourceTree = BUILT_PRODUCTS_DIR; };
		195962461ECBF1FC00962133 /* EasyCommisionTests.m */ = {isa = PBXFileReference; lastKnownFileType = sourcecode.c.objc; path = EasyCommisionTests.m; sourceTree = "<group>"; };
		195962481ECBF1FC00962133 /* Info.plist */ = {isa = PBXFileReference; lastKnownFileType = text.plist.xml; path = Info.plist; sourceTree = "<group>"; };
		1959624D1ECBF1FC00962133 /* EasyCommisionUITests.xctest */ = {isa = PBXFileReference; explicitFileType = wrapper.cfbundle; includeInIndex = 0; path = EasyCommisionUITests.xctest; sourceTree = BUILT_PRODUCTS_DIR; };
		195962511ECBF1FC00962133 /* EasyCommisionUITests.m */ = {isa = PBXFileReference; lastKnownFileType = sourcecode.c.objc; path = EasyCommisionUITests.m; sourceTree = "<group>"; };
		195962531ECBF1FC00962133 /* Info.plist */ = {isa = PBXFileReference; lastKnownFileType = text.plist.xml; path = Info.plist; sourceTree = "<group>"; };
		1959626B1ECBF67E00962133 /* NSObject+AnalyticalModel.h */ = {isa = PBXFileReference; fileEncoding = 4; lastKnownFileType = sourcecode.c.h; path = "NSObject+AnalyticalModel.h"; sourceTree = "<group>"; };
		1959626C1ECBF67E00962133 /* NSObject+AnalyticalModel.m */ = {isa = PBXFileReference; fileEncoding = 4; lastKnownFileType = sourcecode.c.objc; path = "NSObject+AnalyticalModel.m"; sourceTree = "<group>"; };
		195962701ECBF6BA00962133 /* ZYHTTPRequest.h */ = {isa = PBXFileReference; fileEncoding = 4; lastKnownFileType = sourcecode.c.h; path = ZYHTTPRequest.h; sourceTree = "<group>"; };
		195962711ECBF6BA00962133 /* ZYHTTPRequest.m */ = {isa = PBXFileReference; fileEncoding = 4; lastKnownFileType = sourcecode.c.objc; path = ZYHTTPRequest.m; sourceTree = "<group>"; };
		1959627B1ECBF96500962133 /* BaseTabBarViewController.h */ = {isa = PBXFileReference; fileEncoding = 4; lastKnownFileType = sourcecode.c.h; path = BaseTabBarViewController.h; sourceTree = "<group>"; };
		1959627C1ECBF96500962133 /* BaseTabBarViewController.m */ = {isa = PBXFileReference; fileEncoding = 4; lastKnownFileType = sourcecode.c.objc; path = BaseTabBarViewController.m; sourceTree = "<group>"; };
		1959627F1ECBF96500962133 /* HomeViewController.h */ = {isa = PBXFileReference; fileEncoding = 4; lastKnownFileType = sourcecode.c.h; path = HomeViewController.h; sourceTree = "<group>"; };
		195962801ECBF96500962133 /* HomeViewController.m */ = {isa = PBXFileReference; fileEncoding = 4; lastKnownFileType = sourcecode.c.objc; path = HomeViewController.m; sourceTree = "<group>"; };
		1959629B1ECBFA8600962133 /* MineViewController.h */ = {isa = PBXFileReference; fileEncoding = 4; lastKnownFileType = sourcecode.c.h; path = MineViewController.h; sourceTree = "<group>"; };
		1959629C1ECBFA8600962133 /* MineViewController.m */ = {isa = PBXFileReference; fileEncoding = 4; lastKnownFileType = sourcecode.c.objc; path = MineViewController.m; sourceTree = "<group>"; };
		1959629F1ECC007C00962133 /* Networks.h */ = {isa = PBXFileReference; lastKnownFileType = sourcecode.c.h; path = Networks.h; sourceTree = "<group>"; };
		195962A11ECC010600962133 /* UIColor+HEXString.h */ = {isa = PBXFileReference; fileEncoding = 4; lastKnownFileType = sourcecode.c.h; path = "UIColor+HEXString.h"; sourceTree = "<group>"; };
		195962A21ECC010600962133 /* UIColor+HEXString.m */ = {isa = PBXFileReference; fileEncoding = 4; lastKnownFileType = sourcecode.c.objc; path = "UIColor+HEXString.m"; sourceTree = "<group>"; };
		1959633A1ECC2F2F00962133 /* BaseNavigationViewController.h */ = {isa = PBXFileReference; fileEncoding = 4; lastKnownFileType = sourcecode.c.h; path = BaseNavigationViewController.h; sourceTree = "<group>"; };
		1959633B1ECC2F2F00962133 /* BaseNavigationViewController.m */ = {isa = PBXFileReference; fileEncoding = 4; lastKnownFileType = sourcecode.c.objc; path = BaseNavigationViewController.m; sourceTree = "<group>"; };
		195963431ECC3B3800962133 /* LoginViewController.h */ = {isa = PBXFileReference; fileEncoding = 4; lastKnownFileType = sourcecode.c.h; path = LoginViewController.h; sourceTree = "<group>"; };
		195963441ECC3B3800962133 /* LoginViewController.m */ = {isa = PBXFileReference; fileEncoding = 4; lastKnownFileType = sourcecode.c.objc; path = LoginViewController.m; sourceTree = "<group>"; };
		195963451ECC3B3800962133 /* LoginViewController.xib */ = {isa = PBXFileReference; fileEncoding = 4; lastKnownFileType = file.xib; path = LoginViewController.xib; sourceTree = "<group>"; };
		195963941ECC4C8800962133 /* UIView+Extension.h */ = {isa = PBXFileReference; fileEncoding = 4; lastKnownFileType = sourcecode.c.h; path = "UIView+Extension.h"; sourceTree = "<group>"; };
		195963951ECC4C8800962133 /* UIView+Extension.m */ = {isa = PBXFileReference; fileEncoding = 4; lastKnownFileType = sourcecode.c.objc; path = "UIView+Extension.m"; sourceTree = "<group>"; };
		195963981ECC4CF500962133 /* UIButton+Rect.h */ = {isa = PBXFileReference; fileEncoding = 4; lastKnownFileType = sourcecode.c.h; path = "UIButton+Rect.h"; sourceTree = "<group>"; };
		195963991ECC4CF500962133 /* UIButton+Rect.m */ = {isa = PBXFileReference; fileEncoding = 4; lastKnownFileType = sourcecode.c.objc; path = "UIButton+Rect.m"; sourceTree = "<group>"; };
		1978C55E1ED527A600C1ADFC /* HomeTypeCell.h */ = {isa = PBXFileReference; fileEncoding = 4; lastKnownFileType = sourcecode.c.h; path = HomeTypeCell.h; sourceTree = "<group>"; };
		1978C55F1ED527A600C1ADFC /* HomeTypeCell.m */ = {isa = PBXFileReference; fileEncoding = 4; lastKnownFileType = sourcecode.c.objc; path = HomeTypeCell.m; sourceTree = "<group>"; };
		1978C5601ED527A600C1ADFC /* HomeTypeCell.xib */ = {isa = PBXFileReference; fileEncoding = 4; lastKnownFileType = file.xib; path = HomeTypeCell.xib; sourceTree = "<group>"; };
		1978C5631ED527CB00C1ADFC /* HomeKnowledgeCell.h */ = {isa = PBXFileReference; fileEncoding = 4; lastKnownFileType = sourcecode.c.h; path = HomeKnowledgeCell.h; sourceTree = "<group>"; };
		1978C5641ED527CB00C1ADFC /* HomeKnowledgeCell.m */ = {isa = PBXFileReference; fileEncoding = 4; lastKnownFileType = sourcecode.c.objc; path = HomeKnowledgeCell.m; sourceTree = "<group>"; };
		1978C5651ED527CB00C1ADFC /* HomeKnowledgeCell.xib */ = {isa = PBXFileReference; fileEncoding = 4; lastKnownFileType = file.xib; path = HomeKnowledgeCell.xib; sourceTree = "<group>"; };
		1978C5691ED66A9700C1ADFC /* MKAnnotationView+WebCache.h */ = {isa = PBXFileReference; fileEncoding = 4; lastKnownFileType = sourcecode.c.h; path = "MKAnnotationView+WebCache.h"; sourceTree = "<group>"; };
		1978C56A1ED66A9700C1ADFC /* MKAnnotationView+WebCache.m */ = {isa = PBXFileReference; fileEncoding = 4; lastKnownFileType = sourcecode.c.objc; path = "MKAnnotationView+WebCache.m"; sourceTree = "<group>"; };
		1978C56B1ED66A9700C1ADFC /* NSData+ImageContentType.h */ = {isa = PBXFileReference; fileEncoding = 4; lastKnownFileType = sourcecode.c.h; path = "NSData+ImageContentType.h"; sourceTree = "<group>"; };
		1978C56C1ED66A9700C1ADFC /* NSData+ImageContentType.m */ = {isa = PBXFileReference; fileEncoding = 4; lastKnownFileType = sourcecode.c.objc; path = "NSData+ImageContentType.m"; sourceTree = "<group>"; };
		1978C56D1ED66A9700C1ADFC /* SDImageCache.h */ = {isa = PBXFileReference; fileEncoding = 4; lastKnownFileType = sourcecode.c.h; path = SDImageCache.h; sourceTree = "<group>"; };
		1978C56E1ED66A9700C1ADFC /* SDImageCache.m */ = {isa = PBXFileReference; fileEncoding = 4; lastKnownFileType = sourcecode.c.objc; path = SDImageCache.m; sourceTree = "<group>"; };
		1978C56F1ED66A9700C1ADFC /* SDWebImageCompat.h */ = {isa = PBXFileReference; fileEncoding = 4; lastKnownFileType = sourcecode.c.h; path = SDWebImageCompat.h; sourceTree = "<group>"; };
		1978C5701ED66A9700C1ADFC /* SDWebImageCompat.m */ = {isa = PBXFileReference; fileEncoding = 4; lastKnownFileType = sourcecode.c.objc; path = SDWebImageCompat.m; sourceTree = "<group>"; };
		1978C5711ED66A9700C1ADFC /* SDWebImageDecoder.h */ = {isa = PBXFileReference; fileEncoding = 4; lastKnownFileType = sourcecode.c.h; path = SDWebImageDecoder.h; sourceTree = "<group>"; };
		1978C5721ED66A9700C1ADFC /* SDWebImageDecoder.m */ = {isa = PBXFileReference; fileEncoding = 4; lastKnownFileType = sourcecode.c.objc; path = SDWebImageDecoder.m; sourceTree = "<group>"; };
		1978C5731ED66A9700C1ADFC /* SDWebImageDownloader.h */ = {isa = PBXFileReference; fileEncoding = 4; lastKnownFileType = sourcecode.c.h; path = SDWebImageDownloader.h; sourceTree = "<group>"; };
		1978C5741ED66A9700C1ADFC /* SDWebImageDownloader.m */ = {isa = PBXFileReference; fileEncoding = 4; lastKnownFileType = sourcecode.c.objc; path = SDWebImageDownloader.m; sourceTree = "<group>"; };
		1978C5751ED66A9700C1ADFC /* SDWebImageDownloaderOperation.h */ = {isa = PBXFileReference; fileEncoding = 4; lastKnownFileType = sourcecode.c.h; path = SDWebImageDownloaderOperation.h; sourceTree = "<group>"; };
		1978C5761ED66A9700C1ADFC /* SDWebImageDownloaderOperation.m */ = {isa = PBXFileReference; fileEncoding = 4; lastKnownFileType = sourcecode.c.objc; path = SDWebImageDownloaderOperation.m; sourceTree = "<group>"; };
		1978C5771ED66A9700C1ADFC /* SDWebImageManager.h */ = {isa = PBXFileReference; fileEncoding = 4; lastKnownFileType = sourcecode.c.h; path = SDWebImageManager.h; sourceTree = "<group>"; };
		1978C5781ED66A9700C1ADFC /* SDWebImageManager.m */ = {isa = PBXFileReference; fileEncoding = 4; lastKnownFileType = sourcecode.c.objc; path = SDWebImageManager.m; sourceTree = "<group>"; };
		1978C5791ED66A9700C1ADFC /* SDWebImageOperation.h */ = {isa = PBXFileReference; fileEncoding = 4; lastKnownFileType = sourcecode.c.h; path = SDWebImageOperation.h; sourceTree = "<group>"; };
		1978C57A1ED66A9700C1ADFC /* SDWebImagePrefetcher.h */ = {isa = PBXFileReference; fileEncoding = 4; lastKnownFileType = sourcecode.c.h; path = SDWebImagePrefetcher.h; sourceTree = "<group>"; };
		1978C57B1ED66A9700C1ADFC /* SDWebImagePrefetcher.m */ = {isa = PBXFileReference; fileEncoding = 4; lastKnownFileType = sourcecode.c.objc; path = SDWebImagePrefetcher.m; sourceTree = "<group>"; };
		1978C57C1ED66A9700C1ADFC /* UIButton+WebCache.h */ = {isa = PBXFileReference; fileEncoding = 4; lastKnownFileType = sourcecode.c.h; path = "UIButton+WebCache.h"; sourceTree = "<group>"; };
		1978C57D1ED66A9700C1ADFC /* UIButton+WebCache.m */ = {isa = PBXFileReference; fileEncoding = 4; lastKnownFileType = sourcecode.c.objc; path = "UIButton+WebCache.m"; sourceTree = "<group>"; };
		1978C57E1ED66A9700C1ADFC /* UIImage+GIF.h */ = {isa = PBXFileReference; fileEncoding = 4; lastKnownFileType = sourcecode.c.h; path = "UIImage+GIF.h"; sourceTree = "<group>"; };
		1978C57F1ED66A9700C1ADFC /* UIImage+GIF.m */ = {isa = PBXFileReference; fileEncoding = 4; lastKnownFileType = sourcecode.c.objc; path = "UIImage+GIF.m"; sourceTree = "<group>"; };
		1978C5801ED66A9700C1ADFC /* UIImage+MultiFormat.h */ = {isa = PBXFileReference; fileEncoding = 4; lastKnownFileType = sourcecode.c.h; path = "UIImage+MultiFormat.h"; sourceTree = "<group>"; };
		1978C5811ED66A9700C1ADFC /* UIImage+MultiFormat.m */ = {isa = PBXFileReference; fileEncoding = 4; lastKnownFileType = sourcecode.c.objc; path = "UIImage+MultiFormat.m"; sourceTree = "<group>"; };
		1978C5821ED66A9700C1ADFC /* UIImage+WebP.h */ = {isa = PBXFileReference; fileEncoding = 4; lastKnownFileType = sourcecode.c.h; path = "UIImage+WebP.h"; sourceTree = "<group>"; };
		1978C5831ED66A9700C1ADFC /* UIImage+WebP.m */ = {isa = PBXFileReference; fileEncoding = 4; lastKnownFileType = sourcecode.c.objc; path = "UIImage+WebP.m"; sourceTree = "<group>"; };
		1978C5841ED66A9700C1ADFC /* UIImageView+HighlightedWebCache.h */ = {isa = PBXFileReference; fileEncoding = 4; lastKnownFileType = sourcecode.c.h; path = "UIImageView+HighlightedWebCache.h"; sourceTree = "<group>"; };
		1978C5851ED66A9700C1ADFC /* UIImageView+HighlightedWebCache.m */ = {isa = PBXFileReference; fileEncoding = 4; lastKnownFileType = sourcecode.c.objc; path = "UIImageView+HighlightedWebCache.m"; sourceTree = "<group>"; };
		1978C5861ED66A9700C1ADFC /* UIImageView+WebCache.h */ = {isa = PBXFileReference; fileEncoding = 4; lastKnownFileType = sourcecode.c.h; path = "UIImageView+WebCache.h"; sourceTree = "<group>"; };
		1978C5871ED66A9700C1ADFC /* UIImageView+WebCache.m */ = {isa = PBXFileReference; fileEncoding = 4; lastKnownFileType = sourcecode.c.objc; path = "UIImageView+WebCache.m"; sourceTree = "<group>"; };
		1978C5881ED66A9700C1ADFC /* UIView+WebCacheOperation.h */ = {isa = PBXFileReference; fileEncoding = 4; lastKnownFileType = sourcecode.c.h; path = "UIView+WebCacheOperation.h"; sourceTree = "<group>"; };
		1978C5891ED66A9700C1ADFC /* UIView+WebCacheOperation.m */ = {isa = PBXFileReference; fileEncoding = 4; lastKnownFileType = sourcecode.c.objc; path = "UIView+WebCacheOperation.m"; sourceTree = "<group>"; };
		199E86E31ECD2C8A004D8A37 /* RegisterViewController.h */ = {isa = PBXFileReference; fileEncoding = 4; lastKnownFileType = sourcecode.c.h; path = RegisterViewController.h; sourceTree = "<group>"; };
		199E86E41ECD2C8A004D8A37 /* RegisterViewController.m */ = {isa = PBXFileReference; fileEncoding = 4; lastKnownFileType = sourcecode.c.objc; path = RegisterViewController.m; sourceTree = "<group>"; };
		199E86E51ECD2C8A004D8A37 /* RegisterViewController.xib */ = {isa = PBXFileReference; fileEncoding = 4; lastKnownFileType = file.xib; path = RegisterViewController.xib; sourceTree = "<group>"; };
		199E86E81ECD3DB0004D8A37 /* RegisterSuccessView.h */ = {isa = PBXFileReference; fileEncoding = 4; lastKnownFileType = sourcecode.c.h; path = RegisterSuccessView.h; sourceTree = "<group>"; };
		199E86E91ECD3DB0004D8A37 /* RegisterSuccessView.m */ = {isa = PBXFileReference; fileEncoding = 4; lastKnownFileType = sourcecode.c.objc; path = RegisterSuccessView.m; sourceTree = "<group>"; };
		199E86EB1ECD3DBA004D8A37 /* RegisterSuccessView.xib */ = {isa = PBXFileReference; fileEncoding = 4; lastKnownFileType = file.xib; path = RegisterSuccessView.xib; sourceTree = "<group>"; };
		199E86ED1ECD74ED004D8A37 /* ForgetPWViewController.h */ = {isa = PBXFileReference; fileEncoding = 4; lastKnownFileType = sourcecode.c.h; path = ForgetPWViewController.h; sourceTree = "<group>"; };
		199E86EE1ECD74ED004D8A37 /* ForgetPWViewController.m */ = {isa = PBXFileReference; fileEncoding = 4; lastKnownFileType = sourcecode.c.objc; path = ForgetPWViewController.m; sourceTree = "<group>"; };
		199E86EF1ECD74ED004D8A37 /* ForgetPWViewController.xib */ = {isa = PBXFileReference; fileEncoding = 4; lastKnownFileType = file.xib; path = ForgetPWViewController.xib; sourceTree = "<group>"; };
		199E86F21ECD7896004D8A37 /* ResetPWViewController.h */ = {isa = PBXFileReference; fileEncoding = 4; lastKnownFileType = sourcecode.c.h; path = ResetPWViewController.h; sourceTree = "<group>"; };
		199E86F31ECD7896004D8A37 /* ResetPWViewController.m */ = {isa = PBXFileReference; fileEncoding = 4; lastKnownFileType = sourcecode.c.objc; path = ResetPWViewController.m; sourceTree = "<group>"; };
		199E86F41ECD7896004D8A37 /* ResetPWViewController.xib */ = {isa = PBXFileReference; fileEncoding = 4; lastKnownFileType = file.xib; path = ResetPWViewController.xib; sourceTree = "<group>"; };
		199E86F71ECD799F004D8A37 /* ResetPWSuccessView.h */ = {isa = PBXFileReference; fileEncoding = 4; lastKnownFileType = sourcecode.c.h; path = ResetPWSuccessView.h; sourceTree = "<group>"; };
		199E86F81ECD799F004D8A37 /* ResetPWSuccessView.m */ = {isa = PBXFileReference; fileEncoding = 4; lastKnownFileType = sourcecode.c.objc; path = ResetPWSuccessView.m; sourceTree = "<group>"; };
		199E86FA1ECD79A9004D8A37 /* ResetPWSuccessView.xib */ = {isa = PBXFileReference; fileEncoding = 4; lastKnownFileType = file.xib; path = ResetPWSuccessView.xib; sourceTree = "<group>"; };
		199E86FC1ECD8569004D8A37 /* OrderPaySuccessViewController.h */ = {isa = PBXFileReference; fileEncoding = 4; lastKnownFileType = sourcecode.c.h; path = OrderPaySuccessViewController.h; sourceTree = "<group>"; };
		199E86FD1ECD8569004D8A37 /* OrderPaySuccessViewController.m */ = {isa = PBXFileReference; fileEncoding = 4; lastKnownFileType = sourcecode.c.objc; path = OrderPaySuccessViewController.m; sourceTree = "<group>"; };
		199E86FE1ECD8569004D8A37 /* OrderPaySuccessViewController.xib */ = {isa = PBXFileReference; fileEncoding = 4; lastKnownFileType = file.xib; path = OrderPaySuccessViewController.xib; sourceTree = "<group>"; };
		199E87011ECD8875004D8A37 /* MyMessageViewController.h */ = {isa = PBXFileReference; fileEncoding = 4; lastKnownFileType = sourcecode.c.h; path = MyMessageViewController.h; sourceTree = "<group>"; };
		199E87021ECD8875004D8A37 /* MyMessageViewController.m */ = {isa = PBXFileReference; fileEncoding = 4; lastKnownFileType = sourcecode.c.objc; path = MyMessageViewController.m; sourceTree = "<group>"; };
		199E87041ECD8C12004D8A37 /* MyMessageCell.h */ = {isa = PBXFileReference; fileEncoding = 4; lastKnownFileType = sourcecode.c.h; path = MyMessageCell.h; sourceTree = "<group>"; };
		199E87051ECD8C12004D8A37 /* MyMessageCell.m */ = {isa = PBXFileReference; fileEncoding = 4; lastKnownFileType = sourcecode.c.objc; path = MyMessageCell.m; sourceTree = "<group>"; };
		199E87061ECD8C12004D8A37 /* MyMessageCell.xib */ = {isa = PBXFileReference; fileEncoding = 4; lastKnownFileType = file.xib; path = MyMessageCell.xib; sourceTree = "<group>"; };
		199E87091ECDA3FF004D8A37 /* AddressListViewController.h */ = {isa = PBXFileReference; fileEncoding = 4; lastKnownFileType = sourcecode.c.h; path = AddressListViewController.h; sourceTree = "<group>"; };
		199E870A1ECDA3FF004D8A37 /* AddressListViewController.m */ = {isa = PBXFileReference; fileEncoding = 4; lastKnownFileType = sourcecode.c.objc; path = AddressListViewController.m; sourceTree = "<group>"; };
		19A217571ECFDB2000A5F7F8 /* ShopViewController.h */ = {isa = PBXFileReference; fileEncoding = 4; lastKnownFileType = sourcecode.c.h; path = ShopViewController.h; sourceTree = "<group>"; };
		19A217581ECFDB2000A5F7F8 /* ShopViewController.m */ = {isa = PBXFileReference; fileEncoding = 4; lastKnownFileType = sourcecode.c.objc; path = ShopViewController.m; sourceTree = "<group>"; };
		19A217591ECFDB2000A5F7F8 /* ShopViewController.xib */ = {isa = PBXFileReference; fileEncoding = 4; lastKnownFileType = file.xib; path = ShopViewController.xib; sourceTree = "<group>"; };
		19A2175C1ECFE21B00A5F7F8 /* ShopCell.h */ = {isa = PBXFileReference; fileEncoding = 4; lastKnownFileType = sourcecode.c.h; path = ShopCell.h; sourceTree = "<group>"; };
		19A2175D1ECFE21B00A5F7F8 /* ShopCell.m */ = {isa = PBXFileReference; fileEncoding = 4; lastKnownFileType = sourcecode.c.objc; path = ShopCell.m; sourceTree = "<group>"; };
		19A2175E1ECFE21B00A5F7F8 /* ShopCell.xib */ = {isa = PBXFileReference; fileEncoding = 4; lastKnownFileType = file.xib; path = ShopCell.xib; sourceTree = "<group>"; };
		19A217611ECFF0B600A5F7F8 /* ShopHeadView.h */ = {isa = PBXFileReference; fileEncoding = 4; lastKnownFileType = sourcecode.c.h; path = ShopHeadView.h; sourceTree = "<group>"; };
		19A217621ECFF0B600A5F7F8 /* ShopHeadView.m */ = {isa = PBXFileReference; fileEncoding = 4; lastKnownFileType = sourcecode.c.objc; path = ShopHeadView.m; sourceTree = "<group>"; };
		19A217631ECFF0B600A5F7F8 /* ShopHeadView.xib */ = {isa = PBXFileReference; fileEncoding = 4; lastKnownFileType = file.xib; path = ShopHeadView.xib; sourceTree = "<group>"; };
		19A217671ECFF54B00A5F7F8 /* LoopScrollView.h */ = {isa = PBXFileReference; fileEncoding = 4; lastKnownFileType = sourcecode.c.h; path = LoopScrollView.h; sourceTree = "<group>"; };
		19A217681ECFF54B00A5F7F8 /* LoopScrollView.m */ = {isa = PBXFileReference; fileEncoding = 4; lastKnownFileType = sourcecode.c.objc; path = LoopScrollView.m; sourceTree = "<group>"; };
		19A2176A1ED0262300A5F7F8 /* HourlyServantListViewController.h */ = {isa = PBXFileReference; fileEncoding = 4; lastKnownFileType = sourcecode.c.h; path = HourlyServantListViewController.h; sourceTree = "<group>"; };
		19A2176B1ED0262300A5F7F8 /* HourlyServantListViewController.m */ = {isa = PBXFileReference; fileEncoding = 4; lastKnownFileType = sourcecode.c.objc; path = HourlyServantListViewController.m; sourceTree = "<group>"; };
		19A2176C1ED0262300A5F7F8 /* HourlyServantListViewController.xib */ = {isa = PBXFileReference; fileEncoding = 4; lastKnownFileType = file.xib; path = HourlyServantListViewController.xib; sourceTree = "<group>"; };
		19A2176F1ED0267B00A5F7F8 /* MonthlyServentListViewController.h */ = {isa = PBXFileReference; fileEncoding = 4; lastKnownFileType = sourcecode.c.h; path = MonthlyServentListViewController.h; sourceTree = "<group>"; };
		19A217701ED0267B00A5F7F8 /* MonthlyServentListViewController.m */ = {isa = PBXFileReference; fileEncoding = 4; lastKnownFileType = sourcecode.c.objc; path = MonthlyServentListViewController.m; sourceTree = "<group>"; };
		19A217711ED0267B00A5F7F8 /* MonthlyServentListViewController.xib */ = {isa = PBXFileReference; fileEncoding = 4; lastKnownFileType = file.xib; path = MonthlyServentListViewController.xib; sourceTree = "<group>"; };
		19A217741ED0286F00A5F7F8 /* hourlyServentCell.h */ = {isa = PBXFileReference; fileEncoding = 4; lastKnownFileType = sourcecode.c.h; path = hourlyServentCell.h; sourceTree = "<group>"; };
		19A217751ED0286F00A5F7F8 /* hourlyServentCell.m */ = {isa = PBXFileReference; fileEncoding = 4; lastKnownFileType = sourcecode.c.objc; path = hourlyServentCell.m; sourceTree = "<group>"; };
		19A217761ED0286F00A5F7F8 /* hourlyServentCell.xib */ = {isa = PBXFileReference; fileEncoding = 4; lastKnownFileType = file.xib; path = hourlyServentCell.xib; sourceTree = "<group>"; };
		19A217791ED0309800A5F7F8 /* monthlyServentCell.h */ = {isa = PBXFileReference; fileEncoding = 4; lastKnownFileType = sourcecode.c.h; path = monthlyServentCell.h; sourceTree = "<group>"; };
		19A2177A1ED0309800A5F7F8 /* monthlyServentCell.m */ = {isa = PBXFileReference; fileEncoding = 4; lastKnownFileType = sourcecode.c.objc; path = monthlyServentCell.m; sourceTree = "<group>"; };
		19A2177B1ED0309800A5F7F8 /* monthlyServentCell.xib */ = {isa = PBXFileReference; fileEncoding = 4; lastKnownFileType = file.xib; path = monthlyServentCell.xib; sourceTree = "<group>"; };
		19A76EDB1ED682EC0034D78B /* HomeHeadCell.h */ = {isa = PBXFileReference; fileEncoding = 4; lastKnownFileType = sourcecode.c.h; path = HomeHeadCell.h; sourceTree = "<group>"; };
		19A76EDC1ED682EC0034D78B /* HomeHeadCell.m */ = {isa = PBXFileReference; fileEncoding = 4; lastKnownFileType = sourcecode.c.objc; path = HomeHeadCell.m; sourceTree = "<group>"; };
		19A76EDD1ED682EC0034D78B /* HomeHeadCell.xib */ = {isa = PBXFileReference; fileEncoding = 4; lastKnownFileType = file.xib; path = HomeHeadCell.xib; sourceTree = "<group>"; };
		19C700901ED68AE600DF5826 /* HomeHeaderView.h */ = {isa = PBXFileReference; fileEncoding = 4; lastKnownFileType = sourcecode.c.h; path = HomeHeaderView.h; sourceTree = "<group>"; };
		19C700911ED68AE600DF5826 /* HomeHeaderView.m */ = {isa = PBXFileReference; fileEncoding = 4; lastKnownFileType = sourcecode.c.objc; path = HomeHeaderView.m; sourceTree = "<group>"; };
		19C700931ED68AF200DF5826 /* HomeHeaderFooterView.xib */ = {isa = PBXFileReference; fileEncoding = 4; lastKnownFileType = file.xib; path = HomeHeaderFooterView.xib; sourceTree = "<group>"; };
		19CDFB401ECE943A00232F60 /* AddressCell.h */ = {isa = PBXFileReference; fileEncoding = 4; lastKnownFileType = sourcecode.c.h; path = AddressCell.h; sourceTree = "<group>"; };
		19CDFB411ECE943A00232F60 /* AddressCell.m */ = {isa = PBXFileReference; fileEncoding = 4; lastKnownFileType = sourcecode.c.objc; path = AddressCell.m; sourceTree = "<group>"; };
		19CDFB421ECE943A00232F60 /* AddressCell.xib */ = {isa = PBXFileReference; fileEncoding = 4; lastKnownFileType = file.xib; path = AddressCell.xib; sourceTree = "<group>"; };
		19D52C9C1ECEA0F00072EE00 /* MineHeadCell.h */ = {isa = PBXFileReference; fileEncoding = 4; lastKnownFileType = sourcecode.c.h; path = MineHeadCell.h; sourceTree = "<group>"; };
		19D52C9D1ECEA0F00072EE00 /* MineHeadCell.m */ = {isa = PBXFileReference; fileEncoding = 4; lastKnownFileType = sourcecode.c.objc; path = MineHeadCell.m; sourceTree = "<group>"; };
		19D52C9E1ECEA0F00072EE00 /* MineHeadCell.xib */ = {isa = PBXFileReference; fileEncoding = 4; lastKnownFileType = file.xib; path = MineHeadCell.xib; sourceTree = "<group>"; };
		19D52CA11ECEA1100072EE00 /* MineListCell.h */ = {isa = PBXFileReference; fileEncoding = 4; lastKnownFileType = sourcecode.c.h; path = MineListCell.h; sourceTree = "<group>"; };
		19D52CA21ECEA1100072EE00 /* MineListCell.m */ = {isa = PBXFileReference; fileEncoding = 4; lastKnownFileType = sourcecode.c.objc; path = MineListCell.m; sourceTree = "<group>"; };
		19D52CA31ECEA1100072EE00 /* MineListCell.xib */ = {isa = PBXFileReference; fileEncoding = 4; lastKnownFileType = file.xib; path = MineListCell.xib; sourceTree = "<group>"; };
		19D52CA61ECED4040072EE00 /* OrderViewController.h */ = {isa = PBXFileReference; fileEncoding = 4; lastKnownFileType = sourcecode.c.h; path = OrderViewController.h; sourceTree = "<group>"; };
		19D52CA71ECED4040072EE00 /* OrderViewController.m */ = {isa = PBXFileReference; fileEncoding = 4; lastKnownFileType = sourcecode.c.objc; path = OrderViewController.m; sourceTree = "<group>"; };
		19D52CA81ECED4040072EE00 /* OrderViewController.xib */ = {isa = PBXFileReference; fileEncoding = 4; lastKnownFileType = file.xib; path = OrderViewController.xib; sourceTree = "<group>"; };
		19D52CAB1ECEDB760072EE00 /* monthlyOrderCell.h */ = {isa = PBXFileReference; fileEncoding = 4; lastKnownFileType = sourcecode.c.h; path = monthlyOrderCell.h; sourceTree = "<group>"; };
		19D52CAC1ECEDB760072EE00 /* monthlyOrderCell.m */ = {isa = PBXFileReference; fileEncoding = 4; lastKnownFileType = sourcecode.c.objc; path = monthlyOrderCell.m; sourceTree = "<group>"; };
		19D52CAD1ECEDB760072EE00 /* monthlyOrderCell.xib */ = {isa = PBXFileReference; fileEncoding = 4; lastKnownFileType = file.xib; path = monthlyOrderCell.xib; sourceTree = "<group>"; };
		19D52CB01ECEDB8E0072EE00 /* hourlyOrderCell.h */ = {isa = PBXFileReference; fileEncoding = 4; lastKnownFileType = sourcecode.c.h; path = hourlyOrderCell.h; sourceTree = "<group>"; };
		19D52CB11ECEDB8E0072EE00 /* hourlyOrderCell.m */ = {isa = PBXFileReference; fileEncoding = 4; lastKnownFileType = sourcecode.c.objc; path = hourlyOrderCell.m; sourceTree = "<group>"; };
		19D52CB21ECEDB8E0072EE00 /* hourlyOrderCell.xib */ = {isa = PBXFileReference; fileEncoding = 4; lastKnownFileType = file.xib; path = hourlyOrderCell.xib; sourceTree = "<group>"; };
		19D52CB51ECEDB9E0072EE00 /* shopOrderCell.h */ = {isa = PBXFileReference; fileEncoding = 4; lastKnownFileType = sourcecode.c.h; path = shopOrderCell.h; sourceTree = "<group>"; };
		19D52CB61ECEDB9E0072EE00 /* shopOrderCell.m */ = {isa = PBXFileReference; fileEncoding = 4; lastKnownFileType = sourcecode.c.objc; path = shopOrderCell.m; sourceTree = "<group>"; };
		19D52CB71ECEDB9E0072EE00 /* shopOrderCell.xib */ = {isa = PBXFileReference; fileEncoding = 4; lastKnownFileType = file.xib; path = shopOrderCell.xib; sourceTree = "<group>"; };
		EF537ED3C995D14D11B0D325 /* Pods-EasyCommision.debug.xcconfig */ = {isa = PBXFileReference; includeInIndex = 1; lastKnownFileType = text.xcconfig; name = "Pods-EasyCommision.debug.xcconfig"; path = "Pods/Target Support Files/Pods-EasyCommision/Pods-EasyCommision.debug.xcconfig"; sourceTree = "<group>"; };
		F8DC5FBC0E26E50858CB60ED /* libPods-EasyCommision.a */ = {isa = PBXFileReference; explicitFileType = archive.ar; includeInIndex = 0; path = "libPods-EasyCommision.a"; sourceTree = BUILT_PRODUCTS_DIR; };
/* End PBXFileReference section */

/* Begin PBXFrameworksBuildPhase section */
		195962261ECBF1FC00962133 /* Frameworks */ = {
			isa = PBXFrameworksBuildPhase;
			buildActionMask = 2147483647;
			files = (
				CF804D7C4F86C3808AB8BBAE /* libPods-EasyCommision.a in Frameworks */,
			);
			runOnlyForDeploymentPostprocessing = 0;
		};
		1959623F1ECBF1FC00962133 /* Frameworks */ = {
			isa = PBXFrameworksBuildPhase;
			buildActionMask = 2147483647;
			files = (
			);
			runOnlyForDeploymentPostprocessing = 0;
		};
		1959624A1ECBF1FC00962133 /* Frameworks */ = {
			isa = PBXFrameworksBuildPhase;
			buildActionMask = 2147483647;
			files = (
			);
			runOnlyForDeploymentPostprocessing = 0;
		};
/* End PBXFrameworksBuildPhase section */

/* Begin PBXGroup section */
		195962201ECBF1FC00962133 = {
			isa = PBXGroup;
			children = (
				1959622B1ECBF1FC00962133 /* EasyCommision */,
				195962451ECBF1FC00962133 /* EasyCommisionTests */,
				195962501ECBF1FC00962133 /* EasyCommisionUITests */,
				1959622A1ECBF1FC00962133 /* Products */,
				F5ACE71D995BB744C52312C3 /* Pods */,
				B725F8103C0990ACBCD16D93 /* Frameworks */,
			);
			sourceTree = "<group>";
		};
		1959622A1ECBF1FC00962133 /* Products */ = {
			isa = PBXGroup;
			children = (
				195962291ECBF1FC00962133 /* EasyCommision.app */,
				195962421ECBF1FC00962133 /* EasyCommisionTests.xctest */,
				1959624D1ECBF1FC00962133 /* EasyCommisionUITests.xctest */,
			);
			name = Products;
			sourceTree = "<group>";
		};
		1959622B1ECBF1FC00962133 /* EasyCommision */ = {
			isa = PBXGroup;
			children = (
				195962791ECBF96500962133 /* UI */,
				195962601ECBF5CB00962133 /* Lib */,
				195962611ECBF5CB00962133 /* Resource */,
				195962691ECBF5CB00962133 /* ZYTools */,
				1959625F1ECBF44800962133 /* Tools */,
				1959622F1ECBF1FC00962133 /* AppDelegate.h */,
				195962301ECBF1FC00962133 /* AppDelegate.m */,
				1959629F1ECC007C00962133 /* Networks.h */,
				195962321ECBF1FC00962133 /* ViewController.h */,
				195962331ECBF1FC00962133 /* ViewController.m */,
				195962351ECBF1FC00962133 /* Main.storyboard */,
				195962381ECBF1FC00962133 /* Assets.xcassets */,
				1959623A1ECBF1FC00962133 /* LaunchScreen.storyboard */,
				1959623D1ECBF1FC00962133 /* Info.plist */,
				1959622C1ECBF1FC00962133 /* Supporting Files */,
			);
			path = EasyCommision;
			sourceTree = "<group>";
		};
		1959622C1ECBF1FC00962133 /* Supporting Files */ = {
			isa = PBXGroup;
			children = (
				1959622D1ECBF1FC00962133 /* main.m */,
			);
			name = "Supporting Files";
			sourceTree = "<group>";
		};
		195962451ECBF1FC00962133 /* EasyCommisionTests */ = {
			isa = PBXGroup;
			children = (
				195962461ECBF1FC00962133 /* EasyCommisionTests.m */,
				195962481ECBF1FC00962133 /* Info.plist */,
			);
			path = EasyCommisionTests;
			sourceTree = "<group>";
		};
		195962501ECBF1FC00962133 /* EasyCommisionUITests */ = {
			isa = PBXGroup;
			children = (
				195962511ECBF1FC00962133 /* EasyCommisionUITests.m */,
				195962531ECBF1FC00962133 /* Info.plist */,
			);
			path = EasyCommisionUITests;
			sourceTree = "<group>";
		};
		1959625F1ECBF44800962133 /* Tools */ = {
			isa = PBXGroup;
			children = (
				1978C5681ED66A9700C1ADFC /* SDWebImage */,
			);
			path = Tools;
			sourceTree = "<group>";
		};
		195962601ECBF5CB00962133 /* Lib */ = {
			isa = PBXGroup;
			children = (
			);
			path = Lib;
			sourceTree = "<group>";
		};
		195962611ECBF5CB00962133 /* Resource */ = {
			isa = PBXGroup;
			children = (
			);
			path = Resource;
			sourceTree = "<group>";
		};
		195962691ECBF5CB00962133 /* ZYTools */ = {
			isa = PBXGroup;
			children = (
				19A217661ECFF54B00A5F7F8 /* ZYLoopScrollView */,
				195963971ECC4CF500962133 /* UIButton+Rect */,
				195963931ECC4C8800962133 /* UIView+Extension */,
				195962A01ECC010600962133 /* UIColor+HEXString */,
				1959626F1ECBF6BA00962133 /* ZYHTTPRequest */,
				1959626A1ECBF65600962133 /* AnalyticalModel */,
			);
			path = ZYTools;
			sourceTree = "<group>";
		};
		1959626A1ECBF65600962133 /* AnalyticalModel */ = {
			isa = PBXGroup;
			children = (
				1959626B1ECBF67E00962133 /* NSObject+AnalyticalModel.h */,
				1959626C1ECBF67E00962133 /* NSObject+AnalyticalModel.m */,
			);
			path = AnalyticalModel;
			sourceTree = "<group>";
		};
		1959626F1ECBF6BA00962133 /* ZYHTTPRequest */ = {
			isa = PBXGroup;
			children = (
				195962701ECBF6BA00962133 /* ZYHTTPRequest.h */,
				195962711ECBF6BA00962133 /* ZYHTTPRequest.m */,
			);
			path = ZYHTTPRequest;
			sourceTree = "<group>";
		};
		195962791ECBF96500962133 /* UI */ = {
			isa = PBXGroup;
			children = (
				1959627A1ECBF96500962133 /* Base(基类) */,
				195962831ECBF96500962133 /* Login(登录) */,
				1959627D1ECBF96500962133 /* Home(首页) */,
				1959628F1ECBF96500962133 /* Shop(商城) */,
				1959628B1ECBF96500962133 /* Order(订单) */,
				195962871ECBF96500962133 /* Mine(我的) */,
			);
			path = UI;
			sourceTree = "<group>";
		};
		1959627A1ECBF96500962133 /* Base(基类) */ = {
			isa = PBXGroup;
			children = (
				1959627B1ECBF96500962133 /* BaseTabBarViewController.h */,
				1959627C1ECBF96500962133 /* BaseTabBarViewController.m */,
				1959633A1ECC2F2F00962133 /* BaseNavigationViewController.h */,
				1959633B1ECC2F2F00962133 /* BaseNavigationViewController.m */,
			);
			path = "Base(基类)";
			sourceTree = "<group>";
		};
		1959627D1ECBF96500962133 /* Home(首页) */ = {
			isa = PBXGroup;
			children = (
				1959627E1ECBF96500962133 /* Controllers */,
				195962811ECBF96500962133 /* Models */,
				195962821ECBF96500962133 /* Views */,
			);
			path = "Home(首页)";
			sourceTree = "<group>";
		};
		1959627E1ECBF96500962133 /* Controllers */ = {
			isa = PBXGroup;
			children = (
				1959627F1ECBF96500962133 /* HomeViewController.h */,
				195962801ECBF96500962133 /* HomeViewController.m */,
				19A2176A1ED0262300A5F7F8 /* HourlyServantListViewController.h */,
				19A2176B1ED0262300A5F7F8 /* HourlyServantListViewController.m */,
				19A2176C1ED0262300A5F7F8 /* HourlyServantListViewController.xib */,
				19A2176F1ED0267B00A5F7F8 /* MonthlyServentListViewController.h */,
				19A217701ED0267B00A5F7F8 /* MonthlyServentListViewController.m */,
				19A217711ED0267B00A5F7F8 /* MonthlyServentListViewController.xib */,
			);
			path = Controllers;
			sourceTree = "<group>";
		};
		195962811ECBF96500962133 /* Models */ = {
			isa = PBXGroup;
			children = (
			);
			path = Models;
			sourceTree = "<group>";
		};
		195962821ECBF96500962133 /* Views */ = {
			isa = PBXGroup;
			children = (
				19A217741ED0286F00A5F7F8 /* hourlyServentCell.h */,
				19A217751ED0286F00A5F7F8 /* hourlyServentCell.m */,
				19A217761ED0286F00A5F7F8 /* hourlyServentCell.xib */,
				19A217791ED0309800A5F7F8 /* monthlyServentCell.h */,
				19A2177A1ED0309800A5F7F8 /* monthlyServentCell.m */,
				19A2177B1ED0309800A5F7F8 /* monthlyServentCell.xib */,
				19A76EDB1ED682EC0034D78B /* HomeHeadCell.h */,
				19A76EDC1ED682EC0034D78B /* HomeHeadCell.m */,
				19A76EDD1ED682EC0034D78B /* HomeHeadCell.xib */,
				1978C55E1ED527A600C1ADFC /* HomeTypeCell.h */,
				1978C55F1ED527A600C1ADFC /* HomeTypeCell.m */,
				1978C5601ED527A600C1ADFC /* HomeTypeCell.xib */,
				1978C5631ED527CB00C1ADFC /* HomeKnowledgeCell.h */,
				1978C5641ED527CB00C1ADFC /* HomeKnowledgeCell.m */,
				1978C5651ED527CB00C1ADFC /* HomeKnowledgeCell.xib */,
				19C700901ED68AE600DF5826 /* HomeHeaderView.h */,
				19C700911ED68AE600DF5826 /* HomeHeaderView.m */,
				19C700931ED68AF200DF5826 /* HomeHeaderFooterView.xib */,
			);
			path = Views;
			sourceTree = "<group>";
		};
		195962831ECBF96500962133 /* Login(登录) */ = {
			isa = PBXGroup;
			children = (
				195962841ECBF96500962133 /* Controllers */,
				195962851ECBF96500962133 /* Models */,
				195962861ECBF96500962133 /* Views */,
			);
			path = "Login(登录)";
			sourceTree = "<group>";
		};
		195962841ECBF96500962133 /* Controllers */ = {
			isa = PBXGroup;
			children = (
				195963431ECC3B3800962133 /* LoginViewController.h */,
				195963441ECC3B3800962133 /* LoginViewController.m */,
				195963451ECC3B3800962133 /* LoginViewController.xib */,
				199E86E31ECD2C8A004D8A37 /* RegisterViewController.h */,
				199E86E41ECD2C8A004D8A37 /* RegisterViewController.m */,
				199E86E51ECD2C8A004D8A37 /* RegisterViewController.xib */,
				199E86ED1ECD74ED004D8A37 /* ForgetPWViewController.h */,
				199E86EE1ECD74ED004D8A37 /* ForgetPWViewController.m */,
				199E86EF1ECD74ED004D8A37 /* ForgetPWViewController.xib */,
				199E86F21ECD7896004D8A37 /* ResetPWViewController.h */,
				199E86F31ECD7896004D8A37 /* ResetPWViewController.m */,
				199E86F41ECD7896004D8A37 /* ResetPWViewController.xib */,
			);
			path = Controllers;
			sourceTree = "<group>";
		};
		195962851ECBF96500962133 /* Models */ = {
			isa = PBXGroup;
			children = (
			);
			path = Models;
			sourceTree = "<group>";
		};
		195962861ECBF96500962133 /* Views */ = {
			isa = PBXGroup;
			children = (
				199E86E81ECD3DB0004D8A37 /* RegisterSuccessView.h */,
				199E86E91ECD3DB0004D8A37 /* RegisterSuccessView.m */,
				199E86EB1ECD3DBA004D8A37 /* RegisterSuccessView.xib */,
				199E86F71ECD799F004D8A37 /* ResetPWSuccessView.h */,
				199E86F81ECD799F004D8A37 /* ResetPWSuccessView.m */,
				199E86FA1ECD79A9004D8A37 /* ResetPWSuccessView.xib */,
			);
			path = Views;
			sourceTree = "<group>";
		};
		195962871ECBF96500962133 /* Mine(我的) */ = {
			isa = PBXGroup;
			children = (
				195962881ECBF96500962133 /* Controllers */,
				195962891ECBF96500962133 /* Models */,
				1959628A1ECBF96500962133 /* Views */,
			);
			path = "Mine(我的)";
			sourceTree = "<group>";
		};
		195962881ECBF96500962133 /* Controllers */ = {
			isa = PBXGroup;
			children = (
				1959629B1ECBFA8600962133 /* MineViewController.h */,
				1959629C1ECBFA8600962133 /* MineViewController.m */,
				199E87011ECD8875004D8A37 /* MyMessageViewController.h */,
				199E87021ECD8875004D8A37 /* MyMessageViewController.m */,
				199E87091ECDA3FF004D8A37 /* AddressListViewController.h */,
				199E870A1ECDA3FF004D8A37 /* AddressListViewController.m */,
			);
			path = Controllers;
			sourceTree = "<group>";
		};
		195962891ECBF96500962133 /* Models */ = {
			isa = PBXGroup;
			children = (
			);
			path = Models;
			sourceTree = "<group>";
		};
		1959628A1ECBF96500962133 /* Views */ = {
			isa = PBXGroup;
			children = (
				19CDFB401ECE943A00232F60 /* AddressCell.h */,
				19CDFB411ECE943A00232F60 /* AddressCell.m */,
				19CDFB421ECE943A00232F60 /* AddressCell.xib */,
				199E87041ECD8C12004D8A37 /* MyMessageCell.h */,
				199E87051ECD8C12004D8A37 /* MyMessageCell.m */,
				199E87061ECD8C12004D8A37 /* MyMessageCell.xib */,
				19D52C9C1ECEA0F00072EE00 /* MineHeadCell.h */,
				19D52C9D1ECEA0F00072EE00 /* MineHeadCell.m */,
				19D52C9E1ECEA0F00072EE00 /* MineHeadCell.xib */,
				19D52CA11ECEA1100072EE00 /* MineListCell.h */,
				19D52CA21ECEA1100072EE00 /* MineListCell.m */,
				19D52CA31ECEA1100072EE00 /* MineListCell.xib */,
			);
			path = Views;
			sourceTree = "<group>";
		};
		1959628B1ECBF96500962133 /* Order(订单) */ = {
			isa = PBXGroup;
			children = (
				1959628C1ECBF96500962133 /* Controllers */,
				1959628D1ECBF96500962133 /* Models */,
				1959628E1ECBF96500962133 /* Views */,
			);
			path = "Order(订单)";
			sourceTree = "<group>";
		};
		1959628C1ECBF96500962133 /* Controllers */ = {
			isa = PBXGroup;
			children = (
				19D52CA61ECED4040072EE00 /* OrderViewController.h */,
				19D52CA71ECED4040072EE00 /* OrderViewController.m */,
				19D52CA81ECED4040072EE00 /* OrderViewController.xib */,
				199E86FC1ECD8569004D8A37 /* OrderPaySuccessViewController.h */,
				199E86FD1ECD8569004D8A37 /* OrderPaySuccessViewController.m */,
				199E86FE1ECD8569004D8A37 /* OrderPaySuccessViewController.xib */,
			);
			path = Controllers;
			sourceTree = "<group>";
		};
		1959628D1ECBF96500962133 /* Models */ = {
			isa = PBXGroup;
			children = (
			);
			path = Models;
			sourceTree = "<group>";
		};
		1959628E1ECBF96500962133 /* Views */ = {
			isa = PBXGroup;
			children = (
				19D52CAB1ECEDB760072EE00 /* monthlyOrderCell.h */,
				19D52CAC1ECEDB760072EE00 /* monthlyOrderCell.m */,
				19D52CAD1ECEDB760072EE00 /* monthlyOrderCell.xib */,
				19D52CB01ECEDB8E0072EE00 /* hourlyOrderCell.h */,
				19D52CB11ECEDB8E0072EE00 /* hourlyOrderCell.m */,
				19D52CB21ECEDB8E0072EE00 /* hourlyOrderCell.xib */,
				19D52CB51ECEDB9E0072EE00 /* shopOrderCell.h */,
				19D52CB61ECEDB9E0072EE00 /* shopOrderCell.m */,
				19D52CB71ECEDB9E0072EE00 /* shopOrderCell.xib */,
			);
			path = Views;
			sourceTree = "<group>";
		};
		1959628F1ECBF96500962133 /* Shop(商城) */ = {
			isa = PBXGroup;
			children = (
				195962901ECBF96500962133 /* Controllers */,
				195962911ECBF96500962133 /* Models */,
				195962921ECBF96500962133 /* Views */,
			);
			path = "Shop(商城)";
			sourceTree = "<group>";
		};
		195962901ECBF96500962133 /* Controllers */ = {
			isa = PBXGroup;
			children = (
				19A217571ECFDB2000A5F7F8 /* ShopViewController.h */,
				19A217581ECFDB2000A5F7F8 /* ShopViewController.m */,
				19A217591ECFDB2000A5F7F8 /* ShopViewController.xib */,
			);
			path = Controllers;
			sourceTree = "<group>";
		};
		195962911ECBF96500962133 /* Models */ = {
			isa = PBXGroup;
			children = (
			);
			path = Models;
			sourceTree = "<group>";
		};
		195962921ECBF96500962133 /* Views */ = {
			isa = PBXGroup;
			children = (
				19A2175C1ECFE21B00A5F7F8 /* ShopCell.h */,
				19A2175D1ECFE21B00A5F7F8 /* ShopCell.m */,
				19A2175E1ECFE21B00A5F7F8 /* ShopCell.xib */,
				19A217611ECFF0B600A5F7F8 /* ShopHeadView.h */,
				19A217621ECFF0B600A5F7F8 /* ShopHeadView.m */,
				19A217631ECFF0B600A5F7F8 /* ShopHeadView.xib */,
			);
			path = Views;
			sourceTree = "<group>";
		};
		195962A01ECC010600962133 /* UIColor+HEXString */ = {
			isa = PBXGroup;
			children = (
				195962A11ECC010600962133 /* UIColor+HEXString.h */,
				195962A21ECC010600962133 /* UIColor+HEXString.m */,
			);
			path = "UIColor+HEXString";
			sourceTree = "<group>";
		};
		195963931ECC4C8800962133 /* UIView+Extension */ = {
			isa = PBXGroup;
			children = (
				195963941ECC4C8800962133 /* UIView+Extension.h */,
				195963951ECC4C8800962133 /* UIView+Extension.m */,
			);
			path = "UIView+Extension";
			sourceTree = "<group>";
		};
		195963971ECC4CF500962133 /* UIButton+Rect */ = {
			isa = PBXGroup;
			children = (
				195963981ECC4CF500962133 /* UIButton+Rect.h */,
				195963991ECC4CF500962133 /* UIButton+Rect.m */,
			);
			path = "UIButton+Rect";
			sourceTree = "<group>";
		};
		1978C5681ED66A9700C1ADFC /* SDWebImage */ = {
			isa = PBXGroup;
			children = (
				1978C5691ED66A9700C1ADFC /* MKAnnotationView+WebCache.h */,
				1978C56A1ED66A9700C1ADFC /* MKAnnotationView+WebCache.m */,
				1978C56B1ED66A9700C1ADFC /* NSData+ImageContentType.h */,
				1978C56C1ED66A9700C1ADFC /* NSData+ImageContentType.m */,
				1978C56D1ED66A9700C1ADFC /* SDImageCache.h */,
				1978C56E1ED66A9700C1ADFC /* SDImageCache.m */,
				1978C56F1ED66A9700C1ADFC /* SDWebImageCompat.h */,
				1978C5701ED66A9700C1ADFC /* SDWebImageCompat.m */,
				1978C5711ED66A9700C1ADFC /* SDWebImageDecoder.h */,
				1978C5721ED66A9700C1ADFC /* SDWebImageDecoder.m */,
				1978C5731ED66A9700C1ADFC /* SDWebImageDownloader.h */,
				1978C5741ED66A9700C1ADFC /* SDWebImageDownloader.m */,
				1978C5751ED66A9700C1ADFC /* SDWebImageDownloaderOperation.h */,
				1978C5761ED66A9700C1ADFC /* SDWebImageDownloaderOperation.m */,
				1978C5771ED66A9700C1ADFC /* SDWebImageManager.h */,
				1978C5781ED66A9700C1ADFC /* SDWebImageManager.m */,
				1978C5791ED66A9700C1ADFC /* SDWebImageOperation.h */,
				1978C57A1ED66A9700C1ADFC /* SDWebImagePrefetcher.h */,
				1978C57B1ED66A9700C1ADFC /* SDWebImagePrefetcher.m */,
				1978C57C1ED66A9700C1ADFC /* UIButton+WebCache.h */,
				1978C57D1ED66A9700C1ADFC /* UIButton+WebCache.m */,
				1978C57E1ED66A9700C1ADFC /* UIImage+GIF.h */,
				1978C57F1ED66A9700C1ADFC /* UIImage+GIF.m */,
				1978C5801ED66A9700C1ADFC /* UIImage+MultiFormat.h */,
				1978C5811ED66A9700C1ADFC /* UIImage+MultiFormat.m */,
				1978C5821ED66A9700C1ADFC /* UIImage+WebP.h */,
				1978C5831ED66A9700C1ADFC /* UIImage+WebP.m */,
				1978C5841ED66A9700C1ADFC /* UIImageView+HighlightedWebCache.h */,
				1978C5851ED66A9700C1ADFC /* UIImageView+HighlightedWebCache.m */,
				1978C5861ED66A9700C1ADFC /* UIImageView+WebCache.h */,
				1978C5871ED66A9700C1ADFC /* UIImageView+WebCache.m */,
				1978C5881ED66A9700C1ADFC /* UIView+WebCacheOperation.h */,
				1978C5891ED66A9700C1ADFC /* UIView+WebCacheOperation.m */,
			);
			path = SDWebImage;
			sourceTree = "<group>";
		};
		19A217661ECFF54B00A5F7F8 /* ZYLoopScrollView */ = {
			isa = PBXGroup;
			children = (
				19A217671ECFF54B00A5F7F8 /* LoopScrollView.h */,
				19A217681ECFF54B00A5F7F8 /* LoopScrollView.m */,
			);
			path = ZYLoopScrollView;
			sourceTree = "<group>";
		};
		B725F8103C0990ACBCD16D93 /* Frameworks */ = {
			isa = PBXGroup;
			children = (
				F8DC5FBC0E26E50858CB60ED /* libPods-EasyCommision.a */,
			);
			name = Frameworks;
			sourceTree = "<group>";
		};
		F5ACE71D995BB744C52312C3 /* Pods */ = {
			isa = PBXGroup;
			children = (
				EF537ED3C995D14D11B0D325 /* Pods-EasyCommision.debug.xcconfig */,
				07AA8D264A5953B39FA2798B /* Pods-EasyCommision.release.xcconfig */,
			);
			name = Pods;
			sourceTree = "<group>";
		};
/* End PBXGroup section */

/* Begin PBXNativeTarget section */
		195962281ECBF1FC00962133 /* EasyCommision */ = {
			isa = PBXNativeTarget;
			buildConfigurationList = 195962561ECBF1FC00962133 /* Build configuration list for PBXNativeTarget "EasyCommision" */;
			buildPhases = (
				462400549BAD6CDA5EAEB7F6 /* [CP] Check Pods Manifest.lock */,
				195962251ECBF1FC00962133 /* Sources */,
				195962261ECBF1FC00962133 /* Frameworks */,
				195962271ECBF1FC00962133 /* Resources */,
				85F6D5FA0176C57817AD015D /* [CP] Embed Pods Frameworks */,
				5D716C2C8AF04B1C3742C7C8 /* [CP] Copy Pods Resources */,
			);
			buildRules = (
			);
			dependencies = (
			);
			name = EasyCommision;
			productName = EasyCommision;
			productReference = 195962291ECBF1FC00962133 /* EasyCommision.app */;
			productType = "com.apple.product-type.application";
		};
		195962411ECBF1FC00962133 /* EasyCommisionTests */ = {
			isa = PBXNativeTarget;
			buildConfigurationList = 195962591ECBF1FC00962133 /* Build configuration list for PBXNativeTarget "EasyCommisionTests" */;
			buildPhases = (
				1959623E1ECBF1FC00962133 /* Sources */,
				1959623F1ECBF1FC00962133 /* Frameworks */,
				195962401ECBF1FC00962133 /* Resources */,
			);
			buildRules = (
			);
			dependencies = (
				195962441ECBF1FC00962133 /* PBXTargetDependency */,
			);
			name = EasyCommisionTests;
			productName = EasyCommisionTests;
			productReference = 195962421ECBF1FC00962133 /* EasyCommisionTests.xctest */;
			productType = "com.apple.product-type.bundle.unit-test";
		};
		1959624C1ECBF1FC00962133 /* EasyCommisionUITests */ = {
			isa = PBXNativeTarget;
			buildConfigurationList = 1959625C1ECBF1FC00962133 /* Build configuration list for PBXNativeTarget "EasyCommisionUITests" */;
			buildPhases = (
				195962491ECBF1FC00962133 /* Sources */,
				1959624A1ECBF1FC00962133 /* Frameworks */,
				1959624B1ECBF1FC00962133 /* Resources */,
			);
			buildRules = (
			);
			dependencies = (
				1959624F1ECBF1FC00962133 /* PBXTargetDependency */,
			);
			name = EasyCommisionUITests;
			productName = EasyCommisionUITests;
			productReference = 1959624D1ECBF1FC00962133 /* EasyCommisionUITests.xctest */;
			productType = "com.apple.product-type.bundle.ui-testing";
		};
/* End PBXNativeTarget section */

/* Begin PBXProject section */
		195962211ECBF1FC00962133 /* Project object */ = {
			isa = PBXProject;
			attributes = {
				LastUpgradeCheck = 0820;
				ORGANIZATIONNAME = yi;
				TargetAttributes = {
					195962281ECBF1FC00962133 = {
						CreatedOnToolsVersion = 8.2.1;
						DevelopmentTeam = JJKBD98ZY2;
						ProvisioningStyle = Automatic;
					};
					195962411ECBF1FC00962133 = {
						CreatedOnToolsVersion = 8.2.1;
						ProvisioningStyle = Automatic;
						TestTargetID = 195962281ECBF1FC00962133;
					};
					1959624C1ECBF1FC00962133 = {
						CreatedOnToolsVersion = 8.2.1;
						ProvisioningStyle = Automatic;
						TestTargetID = 195962281ECBF1FC00962133;
					};
				};
			};
			buildConfigurationList = 195962241ECBF1FC00962133 /* Build configuration list for PBXProject "EasyCommision" */;
			compatibilityVersion = "Xcode 3.2";
			developmentRegion = English;
			hasScannedForEncodings = 0;
			knownRegions = (
				en,
				Base,
			);
			mainGroup = 195962201ECBF1FC00962133;
			productRefGroup = 1959622A1ECBF1FC00962133 /* Products */;
			projectDirPath = "";
			projectRoot = "";
			targets = (
				195962281ECBF1FC00962133 /* EasyCommision */,
				195962411ECBF1FC00962133 /* EasyCommisionTests */,
				1959624C1ECBF1FC00962133 /* EasyCommisionUITests */,
			);
		};
/* End PBXProject section */

/* Begin PBXResourcesBuildPhase section */
		195962271ECBF1FC00962133 /* Resources */ = {
			isa = PBXResourcesBuildPhase;
			buildActionMask = 2147483647;
			files = (
				19A217781ED0286F00A5F7F8 /* hourlyServentCell.xib in Resources */,
				199E86EC1ECD3DBA004D8A37 /* RegisterSuccessView.xib in Resources */,
				19D52CB41ECEDB8E0072EE00 /* hourlyOrderCell.xib in Resources */,
				1959623C1ECBF1FC00962133 /* LaunchScreen.storyboard in Resources */,
				19A2177D1ED0309800A5F7F8 /* monthlyServentCell.xib in Resources */,
				19C700941ED68AF200DF5826 /* HomeHeaderFooterView.xib in Resources */,
				19A217651ECFF0B600A5F7F8 /* ShopHeadView.xib in Resources */,
				19A217601ECFE21B00A5F7F8 /* ShopCell.xib in Resources */,
				19CDFB441ECE943A00232F60 /* AddressCell.xib in Resources */,
				19D52CB91ECEDB9E0072EE00 /* shopOrderCell.xib in Resources */,
				199E87081ECD8C12004D8A37 /* MyMessageCell.xib in Resources */,
				199E86F61ECD7896004D8A37 /* ResetPWViewController.xib in Resources */,
				199E86F11ECD74ED004D8A37 /* ForgetPWViewController.xib in Resources */,
				19A76EDF1ED682EC0034D78B /* HomeHeadCell.xib in Resources */,
				199E86E71ECD2C8A004D8A37 /* RegisterViewController.xib in Resources */,
				19D52CAA1ECED4040072EE00 /* OrderViewController.xib in Resources */,
				199E87001ECD8569004D8A37 /* OrderPaySuccessViewController.xib in Resources */,
				19D52CA51ECEA1100072EE00 /* MineListCell.xib in Resources */,
				19A2175B1ECFDB2000A5F7F8 /* ShopViewController.xib in Resources */,
				19A217731ED0267B00A5F7F8 /* MonthlyServentListViewController.xib in Resources */,
				1978C5621ED527A600C1ADFC /* HomeTypeCell.xib in Resources */,
				19A2176E1ED0262300A5F7F8 /* HourlyServantListViewController.xib in Resources */,
				1978C5671ED527CB00C1ADFC /* HomeKnowledgeCell.xib in Resources */,
				195962391ECBF1FC00962133 /* Assets.xcassets in Resources */,
				195962371ECBF1FC00962133 /* Main.storyboard in Resources */,
				19D52CAF1ECEDB760072EE00 /* monthlyOrderCell.xib in Resources */,
				19D52CA01ECEA0F00072EE00 /* MineHeadCell.xib in Resources */,
				195963471ECC3B3800962133 /* LoginViewController.xib in Resources */,
				199E86FB1ECD79A9004D8A37 /* ResetPWSuccessView.xib in Resources */,
			);
			runOnlyForDeploymentPostprocessing = 0;
		};
		195962401ECBF1FC00962133 /* Resources */ = {
			isa = PBXResourcesBuildPhase;
			buildActionMask = 2147483647;
			files = (
			);
			runOnlyForDeploymentPostprocessing = 0;
		};
		1959624B1ECBF1FC00962133 /* Resources */ = {
			isa = PBXResourcesBuildPhase;
			buildActionMask = 2147483647;
			files = (
			);
			runOnlyForDeploymentPostprocessing = 0;
		};
/* End PBXResourcesBuildPhase section */

/* Begin PBXShellScriptBuildPhase section */
		462400549BAD6CDA5EAEB7F6 /* [CP] Check Pods Manifest.lock */ = {
			isa = PBXShellScriptBuildPhase;
			buildActionMask = 2147483647;
			files = (
			);
			inputPaths = (
			);
			name = "[CP] Check Pods Manifest.lock";
			outputPaths = (
			);
			runOnlyForDeploymentPostprocessing = 0;
			shellPath = /bin/sh;
			shellScript = "diff \"${PODS_ROOT}/../Podfile.lock\" \"${PODS_ROOT}/Manifest.lock\" > /dev/null\nif [[ $? != 0 ]] ; then\n    cat << EOM\nerror: The sandbox is not in sync with the Podfile.lock. Run 'pod install' or update your CocoaPods installation.\nEOM\n    exit 1\nfi\n";
			showEnvVarsInLog = 0;
		};
		5D716C2C8AF04B1C3742C7C8 /* [CP] Copy Pods Resources */ = {
			isa = PBXShellScriptBuildPhase;
			buildActionMask = 2147483647;
			files = (
			);
			inputPaths = (
			);
			name = "[CP] Copy Pods Resources";
			outputPaths = (
			);
			runOnlyForDeploymentPostprocessing = 0;
			shellPath = /bin/sh;
			shellScript = "\"${SRCROOT}/Pods/Target Support Files/Pods-EasyCommision/Pods-EasyCommision-resources.sh\"\n";
			showEnvVarsInLog = 0;
		};
		85F6D5FA0176C57817AD015D /* [CP] Embed Pods Frameworks */ = {
			isa = PBXShellScriptBuildPhase;
			buildActionMask = 2147483647;
			files = (
			);
			inputPaths = (
			);
			name = "[CP] Embed Pods Frameworks";
			outputPaths = (
			);
			runOnlyForDeploymentPostprocessing = 0;
			shellPath = /bin/sh;
			shellScript = "\"${SRCROOT}/Pods/Target Support Files/Pods-EasyCommision/Pods-EasyCommision-frameworks.sh\"\n";
			showEnvVarsInLog = 0;
		};
/* End PBXShellScriptBuildPhase section */

/* Begin PBXSourcesBuildPhase section */
		195962251ECBF1FC00962133 /* Sources */ = {
			isa = PBXSourcesBuildPhase;
			buildActionMask = 2147483647;
			files = (
				1978C5931ED66A9700C1ADFC /* UIButton+WebCache.m in Sources */,
				19D52CA41ECEA1100072EE00 /* MineListCell.m in Sources */,
				19D52CB31ECEDB8E0072EE00 /* hourlyOrderCell.m in Sources */,
				19A2175F1ECFE21B00A5F7F8 /* ShopCell.m in Sources */,
				195962A31ECC010600962133 /* UIColor+HEXString.m in Sources */,
				1978C5971ED66A9700C1ADFC /* UIImageView+HighlightedWebCache.m in Sources */,
				199E86EA1ECD3DB0004D8A37 /* RegisterSuccessView.m in Sources */,
				1978C58B1ED66A9700C1ADFC /* NSData+ImageContentType.m in Sources */,
				1959639A1ECC4CF500962133 /* UIButton+Rect.m in Sources */,
				199E86F51ECD7896004D8A37 /* ResetPWViewController.m in Sources */,
				199E87031ECD8875004D8A37 /* MyMessageViewController.m in Sources */,
				199E86F91ECD799F004D8A37 /* ResetPWSuccessView.m in Sources */,
				19A76EDE1ED682EC0034D78B /* HomeHeadCell.m in Sources */,
				19A2177C1ED0309800A5F7F8 /* monthlyServentCell.m in Sources */,
				19D52CAE1ECEDB760072EE00 /* monthlyOrderCell.m in Sources */,
				1978C58D1ED66A9700C1ADFC /* SDWebImageCompat.m in Sources */,
				1978C5911ED66A9700C1ADFC /* SDWebImageManager.m in Sources */,
				199E86F01ECD74ED004D8A37 /* ForgetPWViewController.m in Sources */,
				1978C58C1ED66A9700C1ADFC /* SDImageCache.m in Sources */,
				195963461ECC3B3800962133 /* LoginViewController.m in Sources */,
				19C700921ED68AE600DF5826 /* HomeHeaderView.m in Sources */,
				1978C58E1ED66A9700C1ADFC /* SDWebImageDecoder.m in Sources */,
				195962341ECBF1FC00962133 /* ViewController.m in Sources */,
				195962721ECBF6BA00962133 /* ZYHTTPRequest.m in Sources */,
				1978C58F1ED66A9700C1ADFC /* SDWebImageDownloader.m in Sources */,
				19D52CB81ECEDB9E0072EE00 /* shopOrderCell.m in Sources */,
				19A2176D1ED0262300A5F7F8 /* HourlyServantListViewController.m in Sources */,
				199E87071ECD8C12004D8A37 /* MyMessageCell.m in Sources */,
				1978C5951ED66A9700C1ADFC /* UIImage+MultiFormat.m in Sources */,
				19A217641ECFF0B600A5F7F8 /* ShopHeadView.m in Sources */,
				1978C5961ED66A9700C1ADFC /* UIImage+WebP.m in Sources */,
				19D52C9F1ECEA0F00072EE00 /* MineHeadCell.m in Sources */,
				1978C5661ED527CB00C1ADFC /* HomeKnowledgeCell.m in Sources */,
				19A217691ECFF54B00A5F7F8 /* LoopScrollView.m in Sources */,
				19CDFB431ECE943A00232F60 /* AddressCell.m in Sources */,
				195962311ECBF1FC00962133 /* AppDelegate.m in Sources */,
				199E86E61ECD2C8A004D8A37 /* RegisterViewController.m in Sources */,
				195962931ECBF96500962133 /* BaseTabBarViewController.m in Sources */,
				1959633C1ECC2F2F00962133 /* BaseNavigationViewController.m in Sources */,
				1978C5991ED66A9700C1ADFC /* UIView+WebCacheOperation.m in Sources */,
				1978C5921ED66A9700C1ADFC /* SDWebImagePrefetcher.m in Sources */,
				1959622E1ECBF1FC00962133 /* main.m in Sources */,
				199E86FF1ECD8569004D8A37 /* OrderPaySuccessViewController.m in Sources */,
				195963961ECC4C8800962133 /* UIView+Extension.m in Sources */,
				1978C5941ED66A9700C1ADFC /* UIImage+GIF.m in Sources */,
				19A217771ED0286F00A5F7F8 /* hourlyServentCell.m in Sources */,
				19D52CA91ECED4040072EE00 /* OrderViewController.m in Sources */,
				19A217721ED0267B00A5F7F8 /* MonthlyServentListViewController.m in Sources */,
				1978C58A1ED66A9700C1ADFC /* MKAnnotationView+WebCache.m in Sources */,
				1959629D1ECBFA8600962133 /* MineViewController.m in Sources */,
				1978C5901ED66A9700C1ADFC /* SDWebImageDownloaderOperation.m in Sources */,
				195962941ECBF96500962133 /* HomeViewController.m in Sources */,
				1978C5611ED527A600C1ADFC /* HomeTypeCell.m in Sources */,
				1978C5981ED66A9700C1ADFC /* UIImageView+WebCache.m in Sources */,
				1959626D1ECBF67E00962133 /* NSObject+AnalyticalModel.m in Sources */,
				19A2175A1ECFDB2000A5F7F8 /* ShopViewController.m in Sources */,
				199E870B1ECDA3FF004D8A37 /* AddressListViewController.m in Sources */,
			);
			runOnlyForDeploymentPostprocessing = 0;
		};
		1959623E1ECBF1FC00962133 /* Sources */ = {
			isa = PBXSourcesBuildPhase;
			buildActionMask = 2147483647;
			files = (
				195962471ECBF1FC00962133 /* EasyCommisionTests.m in Sources */,
			);
			runOnlyForDeploymentPostprocessing = 0;
		};
		195962491ECBF1FC00962133 /* Sources */ = {
			isa = PBXSourcesBuildPhase;
			buildActionMask = 2147483647;
			files = (
				195962521ECBF1FC00962133 /* EasyCommisionUITests.m in Sources */,
			);
			runOnlyForDeploymentPostprocessing = 0;
		};
/* End PBXSourcesBuildPhase section */

/* Begin PBXTargetDependency section */
		195962441ECBF1FC00962133 /* PBXTargetDependency */ = {
			isa = PBXTargetDependency;
			target = 195962281ECBF1FC00962133 /* EasyCommision */;
			targetProxy = 195962431ECBF1FC00962133 /* PBXContainerItemProxy */;
		};
		1959624F1ECBF1FC00962133 /* PBXTargetDependency */ = {
			isa = PBXTargetDependency;
			target = 195962281ECBF1FC00962133 /* EasyCommision */;
			targetProxy = 1959624E1ECBF1FC00962133 /* PBXContainerItemProxy */;
		};
/* End PBXTargetDependency section */

/* Begin PBXVariantGroup section */
		195962351ECBF1FC00962133 /* Main.storyboard */ = {
			isa = PBXVariantGroup;
			children = (
				195962361ECBF1FC00962133 /* Base */,
			);
			name = Main.storyboard;
			sourceTree = "<group>";
		};
		1959623A1ECBF1FC00962133 /* LaunchScreen.storyboard */ = {
			isa = PBXVariantGroup;
			children = (
				1959623B1ECBF1FC00962133 /* Base */,
			);
			name = LaunchScreen.storyboard;
			sourceTree = "<group>";
		};
/* End PBXVariantGroup section */

/* Begin XCBuildConfiguration section */
		195962541ECBF1FC00962133 /* Debug */ = {
			isa = XCBuildConfiguration;
			buildSettings = {
				ALWAYS_SEARCH_USER_PATHS = NO;
				CLANG_ANALYZER_NONNULL = YES;
				CLANG_CXX_LANGUAGE_STANDARD = "gnu++0x";
				CLANG_CXX_LIBRARY = "libc++";
				CLANG_ENABLE_MODULES = YES;
				CLANG_ENABLE_OBJC_ARC = YES;
				CLANG_WARN_BOOL_CONVERSION = YES;
				CLANG_WARN_CONSTANT_CONVERSION = YES;
				CLANG_WARN_DIRECT_OBJC_ISA_USAGE = YES_ERROR;
				CLANG_WARN_DOCUMENTATION_COMMENTS = YES;
				CLANG_WARN_EMPTY_BODY = YES;
				CLANG_WARN_ENUM_CONVERSION = YES;
				CLANG_WARN_INFINITE_RECURSION = YES;
				CLANG_WARN_INT_CONVERSION = YES;
				CLANG_WARN_OBJC_ROOT_CLASS = YES_ERROR;
				CLANG_WARN_SUSPICIOUS_MOVE = YES;
				CLANG_WARN_UNREACHABLE_CODE = YES;
				CLANG_WARN__DUPLICATE_METHOD_MATCH = YES;
				"CODE_SIGN_IDENTITY[sdk=iphoneos*]" = "iPhone Developer";
				COPY_PHASE_STRIP = NO;
				DEBUG_INFORMATION_FORMAT = dwarf;
				ENABLE_STRICT_OBJC_MSGSEND = YES;
				ENABLE_TESTABILITY = YES;
				GCC_C_LANGUAGE_STANDARD = gnu99;
				GCC_DYNAMIC_NO_PIC = NO;
				GCC_NO_COMMON_BLOCKS = YES;
				GCC_OPTIMIZATION_LEVEL = 0;
				GCC_PREPROCESSOR_DEFINITIONS = (
					"DEBUG=1",
					"$(inherited)",
				);
				GCC_WARN_64_TO_32_BIT_CONVERSION = YES;
				GCC_WARN_ABOUT_RETURN_TYPE = YES_ERROR;
				GCC_WARN_UNDECLARED_SELECTOR = YES;
				GCC_WARN_UNINITIALIZED_AUTOS = YES_AGGRESSIVE;
				GCC_WARN_UNUSED_FUNCTION = YES;
				GCC_WARN_UNUSED_VARIABLE = YES;
				IPHONEOS_DEPLOYMENT_TARGET = 10.2;
				MTL_ENABLE_DEBUG_INFO = YES;
				ONLY_ACTIVE_ARCH = YES;
				SDKROOT = iphoneos;
				TARGETED_DEVICE_FAMILY = "1,2";
			};
			name = Debug;
		};
		195962551ECBF1FC00962133 /* Release */ = {
			isa = XCBuildConfiguration;
			buildSettings = {
				ALWAYS_SEARCH_USER_PATHS = NO;
				CLANG_ANALYZER_NONNULL = YES;
				CLANG_CXX_LANGUAGE_STANDARD = "gnu++0x";
				CLANG_CXX_LIBRARY = "libc++";
				CLANG_ENABLE_MODULES = YES;
				CLANG_ENABLE_OBJC_ARC = YES;
				CLANG_WARN_BOOL_CONVERSION = YES;
				CLANG_WARN_CONSTANT_CONVERSION = YES;
				CLANG_WARN_DIRECT_OBJC_ISA_USAGE = YES_ERROR;
				CLANG_WARN_DOCUMENTATION_COMMENTS = YES;
				CLANG_WARN_EMPTY_BODY = YES;
				CLANG_WARN_ENUM_CONVERSION = YES;
				CLANG_WARN_INFINITE_RECURSION = YES;
				CLANG_WARN_INT_CONVERSION = YES;
				CLANG_WARN_OBJC_ROOT_CLASS = YES_ERROR;
				CLANG_WARN_SUSPICIOUS_MOVE = YES;
				CLANG_WARN_UNREACHABLE_CODE = YES;
				CLANG_WARN__DUPLICATE_METHOD_MATCH = YES;
				"CODE_SIGN_IDENTITY[sdk=iphoneos*]" = "iPhone Developer";
				COPY_PHASE_STRIP = NO;
				DEBUG_INFORMATION_FORMAT = "dwarf-with-dsym";
				ENABLE_NS_ASSERTIONS = NO;
				ENABLE_STRICT_OBJC_MSGSEND = YES;
				GCC_C_LANGUAGE_STANDARD = gnu99;
				GCC_NO_COMMON_BLOCKS = YES;
				GCC_WARN_64_TO_32_BIT_CONVERSION = YES;
				GCC_WARN_ABOUT_RETURN_TYPE = YES_ERROR;
				GCC_WARN_UNDECLARED_SELECTOR = YES;
				GCC_WARN_UNINITIALIZED_AUTOS = YES_AGGRESSIVE;
				GCC_WARN_UNUSED_FUNCTION = YES;
				GCC_WARN_UNUSED_VARIABLE = YES;
				IPHONEOS_DEPLOYMENT_TARGET = 10.2;
				MTL_ENABLE_DEBUG_INFO = NO;
				SDKROOT = iphoneos;
				TARGETED_DEVICE_FAMILY = "1,2";
				VALIDATE_PRODUCT = YES;
			};
			name = Release;
		};
		195962571ECBF1FC00962133 /* Debug */ = {
			isa = XCBuildConfiguration;
			baseConfigurationReference = EF537ED3C995D14D11B0D325 /* Pods-EasyCommision.debug.xcconfig */;
			buildSettings = {
				ASSETCATALOG_COMPILER_APPICON_NAME = AppIcon;
				DEVELOPMENT_TEAM = JJKBD98ZY2;
				INFOPLIST_FILE = EasyCommision/Info.plist;
				IPHONEOS_DEPLOYMENT_TARGET = 8.0;
				LD_RUNPATH_SEARCH_PATHS = "$(inherited) @executable_path/Frameworks";
				PRODUCT_BUNDLE_IDENTIFIER = com.TyroneWing.EasyCommision;
				PRODUCT_NAME = "$(TARGET_NAME)";
			};
			name = Debug;
		};
		195962581ECBF1FC00962133 /* Release */ = {
			isa = XCBuildConfiguration;
			baseConfigurationReference = 07AA8D264A5953B39FA2798B /* Pods-EasyCommision.release.xcconfig */;
			buildSettings = {
				ASSETCATALOG_COMPILER_APPICON_NAME = AppIcon;
				DEVELOPMENT_TEAM = JJKBD98ZY2;
				INFOPLIST_FILE = EasyCommision/Info.plist;
				IPHONEOS_DEPLOYMENT_TARGET = 8.0;
				LD_RUNPATH_SEARCH_PATHS = "$(inherited) @executable_path/Frameworks";
				PRODUCT_BUNDLE_IDENTIFIER = com.TyroneWing.EasyCommision;
				PRODUCT_NAME = "$(TARGET_NAME)";
			};
			name = Release;
		};
		1959625A1ECBF1FC00962133 /* Debug */ = {
			isa = XCBuildConfiguration;
			buildSettings = {
				BUNDLE_LOADER = "$(TEST_HOST)";
				INFOPLIST_FILE = EasyCommisionTests/Info.plist;
				LD_RUNPATH_SEARCH_PATHS = "$(inherited) @executable_path/Frameworks @loader_path/Frameworks";
				PRODUCT_BUNDLE_IDENTIFIER = com.TyroneWing.EasyCommisionTests;
				PRODUCT_NAME = "$(TARGET_NAME)";
				TEST_HOST = "$(BUILT_PRODUCTS_DIR)/EasyCommision.app/EasyCommision";
			};
			name = Debug;
		};
		1959625B1ECBF1FC00962133 /* Release */ = {
			isa = XCBuildConfiguration;
			buildSettings = {
				BUNDLE_LOADER = "$(TEST_HOST)";
				INFOPLIST_FILE = EasyCommisionTests/Info.plist;
				LD_RUNPATH_SEARCH_PATHS = "$(inherited) @executable_path/Frameworks @loader_path/Frameworks";
				PRODUCT_BUNDLE_IDENTIFIER = com.TyroneWing.EasyCommisionTests;
				PRODUCT_NAME = "$(TARGET_NAME)";
				TEST_HOST = "$(BUILT_PRODUCTS_DIR)/EasyCommision.app/EasyCommision";
			};
			name = Release;
		};
		1959625D1ECBF1FC00962133 /* Debug */ = {
			isa = XCBuildConfiguration;
			buildSettings = {
				INFOPLIST_FILE = EasyCommisionUITests/Info.plist;
				LD_RUNPATH_SEARCH_PATHS = "$(inherited) @executable_path/Frameworks @loader_path/Frameworks";
				PRODUCT_BUNDLE_IDENTIFIER = com.TyroneWing.EasyCommisionUITests;
				PRODUCT_NAME = "$(TARGET_NAME)";
				TEST_TARGET_NAME = EasyCommision;
			};
			name = Debug;
		};
		1959625E1ECBF1FC00962133 /* Release */ = {
			isa = XCBuildConfiguration;
			buildSettings = {
				INFOPLIST_FILE = EasyCommisionUITests/Info.plist;
				LD_RUNPATH_SEARCH_PATHS = "$(inherited) @executable_path/Frameworks @loader_path/Frameworks";
				PRODUCT_BUNDLE_IDENTIFIER = com.TyroneWing.EasyCommisionUITests;
				PRODUCT_NAME = "$(TARGET_NAME)";
				TEST_TARGET_NAME = EasyCommision;
			};
			name = Release;
		};
/* End XCBuildConfiguration section */

/* Begin XCConfigurationList section */
		195962241ECBF1FC00962133 /* Build configuration list for PBXProject "EasyCommision" */ = {
			isa = XCConfigurationList;
			buildConfigurations = (
				195962541ECBF1FC00962133 /* Debug */,
				195962551ECBF1FC00962133 /* Release */,
			);
			defaultConfigurationIsVisible = 0;
			defaultConfigurationName = Release;
		};
		195962561ECBF1FC00962133 /* Build configuration list for PBXNativeTarget "EasyCommision" */ = {
			isa = XCConfigurationList;
			buildConfigurations = (
				195962571ECBF1FC00962133 /* Debug */,
				195962581ECBF1FC00962133 /* Release */,
			);
			defaultConfigurationIsVisible = 0;
			defaultConfigurationName = Release;
		};
		195962591ECBF1FC00962133 /* Build configuration list for PBXNativeTarget "EasyCommisionTests" */ = {
			isa = XCConfigurationList;
			buildConfigurations = (
				1959625A1ECBF1FC00962133 /* Debug */,
				1959625B1ECBF1FC00962133 /* Release */,
			);
			defaultConfigurationIsVisible = 0;
			defaultConfigurationName = Release;
		};
		1959625C1ECBF1FC00962133 /* Build configuration list for PBXNativeTarget "EasyCommisionUITests" */ = {
			isa = XCConfigurationList;
			buildConfigurations = (
				1959625D1ECBF1FC00962133 /* Debug */,
				1959625E1ECBF1FC00962133 /* Release */,
			);
			defaultConfigurationIsVisible = 0;
			defaultConfigurationName = Release;
		};
/* End XCConfigurationList section */
	};
	rootObject = 195962211ECBF1FC00962133 /* Project object */;
}
